// !$*UTF8*$!
{
	archiveVersion = 1;
	classes = {
	};
	objectVersion = 46;
	objects = {

/* Begin PBXBuildFile section */
		8828071216E935EC00C13F61 /* GOTEmailUpdateViewController.m in Sources */ = {isa = PBXBuildFile; fileRef = 8828071116E935EC00C13F61 /* GOTEmailUpdateViewController.m */; };
		8828072316E9631400C13F61 /* GOTUsernameUpdateViewController.m in Sources */ = {isa = PBXBuildFile; fileRef = 8828072216E9631400C13F61 /* GOTUsernameUpdateViewController.m */; };
		8828072616E9632800C13F61 /* GOTUser.m in Sources */ = {isa = PBXBuildFile; fileRef = 8828072516E9632800C13F61 /* GOTUser.m */; };
		8828072916E9633E00C13F61 /* Model.xcdatamodeld in Sources */ = {isa = PBXBuildFile; fileRef = 8828072716E9633E00C13F61 /* Model.xcdatamodeld */; };
		8828072C16E9711F00C13F61 /* GOTConstants.m in Sources */ = {isa = PBXBuildFile; fileRef = 8828072B16E9711F00C13F61 /* GOTConstants.m */; };
		8828072F16EAACEE00C13F61 /* GOTLocationUpdateViewController.m in Sources */ = {isa = PBXBuildFile; fileRef = 8828072E16EAACEE00C13F61 /* GOTLocationUpdateViewController.m */; };
		8894FD1416D16451006955F6 /* GOTOffersViewController.xib in Resources */ = {isa = PBXBuildFile; fileRef = 8894FD1316D16451006955F6 /* GOTOffersViewController.xib */; };
		8894FD1C16D16CF2006955F6 /* GOTEditItemViewController.m in Sources */ = {isa = PBXBuildFile; fileRef = 8894FD1B16D16CF2006955F6 /* GOTEditItemViewController.m */; };
		8894FD2A16D5893D006955F6 /* FilterItemSettingsViewController.m in Sources */ = {isa = PBXBuildFile; fileRef = 8894FD2916D5893D006955F6 /* FilterItemSettingsViewController.m */; };
		8894FD2D16D5995E006955F6 /* GOTSettings.m in Sources */ = {isa = PBXBuildFile; fileRef = 8894FD2C16D5995E006955F6 /* GOTSettings.m */; };
		8894FD3216D7F04F006955F6 /* GOTFreeItemDetailViewController.m in Sources */ = {isa = PBXBuildFile; fileRef = 8894FD3116D7F04F006955F6 /* GOTFreeItemDetailViewController.m */; };
		8894FD3416D7F0BF006955F6 /* GOTFreeItemDetailViewController.xib in Resources */ = {isa = PBXBuildFile; fileRef = 8894FD3316D7F0BF006955F6 /* GOTFreeItemDetailViewController.xib */; };
		8894FD3716D828B3006955F6 /* GOTScrollItemsViewController.m in Sources */ = {isa = PBXBuildFile; fileRef = 8894FD3616D828B2006955F6 /* GOTScrollItemsViewController.m */; };
		8894FD3A16D83D04006955F6 /* GOTImageStore.m in Sources */ = {isa = PBXBuildFile; fileRef = 8894FD3916D83D04006955F6 /* GOTImageStore.m */; };
		8894FD3D16DC2673006955F6 /* GOTConnection.m in Sources */ = {isa = PBXBuildFile; fileRef = 8894FD3C16DC2672006955F6 /* GOTConnection.m */; };
		8894FD4116DC2F39006955F6 /* GOTItemList.m in Sources */ = {isa = PBXBuildFile; fileRef = 8894FD4016DC2F39006955F6 /* GOTItemList.m */; };
		88957D2916E0246C00ADDC8A /* GOTTextView.m in Sources */ = {isa = PBXBuildFile; fileRef = 88957D2816E0246C00ADDC8A /* GOTTextView.m */; };
		88957D2B16E176AE00ADDC8A /* FacebookSDK.framework in Frameworks */ = {isa = PBXBuildFile; fileRef = 88957D2A16E176AE00ADDC8A /* FacebookSDK.framework */; settings = {ATTRIBUTES = (Required, ); }; };
		88957D3216E1786E00ADDC8A /* GOTLoginViewController.m in Sources */ = {isa = PBXBuildFile; fileRef = 88957D3016E1786D00ADDC8A /* GOTLoginViewController.m */; };
		88957D3316E1786E00ADDC8A /* GOTLoginViewController.xib in Resources */ = {isa = PBXBuildFile; fileRef = 88957D3116E1786D00ADDC8A /* GOTLoginViewController.xib */; };
		88957D3516E17D1D00ADDC8A /* Accounts.framework in Frameworks */ = {isa = PBXBuildFile; fileRef = 88957D3416E17D1D00ADDC8A /* Accounts.framework */; };
		88957D3716E17D2400ADDC8A /* AdSupport.framework in Frameworks */ = {isa = PBXBuildFile; fileRef = 88957D3616E17D2300ADDC8A /* AdSupport.framework */; };
		88957D3916E17D3500ADDC8A /* Social.framework in Frameworks */ = {isa = PBXBuildFile; fileRef = 88957D3816E17D3500ADDC8A /* Social.framework */; };
		88957D3F16E1863900ADDC8A /* FacebookSDKResources.bundle in Resources */ = {isa = PBXBuildFile; fileRef = 88957D3E16E1863800ADDC8A /* FacebookSDKResources.bundle */; };
		88957D4116E529F400ADDC8A /* GOTProfileViewStoryboard.storyboard in Resources */ = {isa = PBXBuildFile; fileRef = 88957D4016E529F400ADDC8A /* GOTProfileViewStoryboard.storyboard */; };
		88957D4416E5548000ADDC8A /* GOTUserStore.m in Sources */ = {isa = PBXBuildFile; fileRef = 88957D4316E5547F00ADDC8A /* GOTUserStore.m */; };
		88957D4616E559FB00ADDC8A /* CoreData.framework in Frameworks */ = {isa = PBXBuildFile; fileRef = 88957D4516E559FB00ADDC8A /* CoreData.framework */; };
		88957D5216E6C2FE00ADDC8A /* GOTMutableURLPostRequest.m in Sources */ = {isa = PBXBuildFile; fileRef = 88957D5116E6C2FE00ADDC8A /* GOTMutableURLPostRequest.m */; };
		88976455173C6872008B5CDB /* HockeySDK.framework in Frameworks */ = {isa = PBXBuildFile; fileRef = 88976454173C6872008B5CDB /* HockeySDK.framework */; };
		88976459173C6922008B5CDB /* HockeySDK.xcconfig in Resources */ = {isa = PBXBuildFile; fileRef = 88976458173C6922008B5CDB /* HockeySDK.xcconfig */; };
		8897645B173C69AD008B5CDB /* HockeySDKResources.bundle in Resources */ = {isa = PBXBuildFile; fileRef = 8897645A173C69AD008B5CDB /* HockeySDKResources.bundle */; };
		8897645D173C6A26008B5CDB /* CoreText.framework in Frameworks */ = {isa = PBXBuildFile; fileRef = 8897645C173C6A26008B5CDB /* CoreText.framework */; };
		8897645F173C6A39008B5CDB /* QuartzCore.framework in Frameworks */ = {isa = PBXBuildFile; fileRef = 8897645E173C6A39008B5CDB /* QuartzCore.framework */; };
		8897646A1742F7E3008B5CDB /* triangles.png in Resources */ = {isa = PBXBuildFile; fileRef = 889764691742F7E3008B5CDB /* triangles.png */; };
		8897646C1742FB92008B5CDB /* triangles@2x.png in Resources */ = {isa = PBXBuildFile; fileRef = 8897646B1742FB92008B5CDB /* triangles@2x.png */; };
		8897647117456CD3008B5CDB /* GOTShareViewController.m in Sources */ = {isa = PBXBuildFile; fileRef = 8897646F17456CD3008B5CDB /* GOTShareViewController.m */; };
		8897647217456CD3008B5CDB /* GOTShareViewController.xib in Resources */ = {isa = PBXBuildFile; fileRef = 8897647017456CD3008B5CDB /* GOTShareViewController.xib */; };
		889B08E41713511B001901B1 /* GOTSendMessageViewController.m in Sources */ = {isa = PBXBuildFile; fileRef = 889B08E21713511B001901B1 /* GOTSendMessageViewController.m */; };
		889B08E51713511B001901B1 /* GOTSendMessageViewController.xib in Resources */ = {isa = PBXBuildFile; fileRef = 889B08E31713511B001901B1 /* GOTSendMessageViewController.xib */; };
		88A904771730479B00D39CB6 /* whitehand.png in Resources */ = {isa = PBXBuildFile; fileRef = 88A904761730479B00D39CB6 /* whitehand.png */; };
		88A90479173059EC00D39CB6 /* whitegift.png in Resources */ = {isa = PBXBuildFile; fileRef = 88A90478173059EC00D39CB6 /* whitegift.png */; };
		88A9047B17305E7000D39CB6 /* whiteprofile.png in Resources */ = {isa = PBXBuildFile; fileRef = 88A9047A17305E7000D39CB6 /* whiteprofile.png */; };
		88A9047D173061BE00D39CB6 /* whitegift@2x.png in Resources */ = {isa = PBXBuildFile; fileRef = 88A9047C173061BE00D39CB6 /* whitegift@2x.png */; };
		88A9047F1730641F00D39CB6 /* whiteprofile@2x.png in Resources */ = {isa = PBXBuildFile; fileRef = 88A9047E1730641F00D39CB6 /* whiteprofile@2x.png */; };
		88A904811730721D00D39CB6 /* whitehand@2x.png in Resources */ = {isa = PBXBuildFile; fileRef = 88A904801730721D00D39CB6 /* whitehand@2x.png */; };
		88A90483173190E900D39CB6 /* icon.png in Resources */ = {isa = PBXBuildFile; fileRef = 88A90482173190E900D39CB6 /* icon.png */; };
		88A904851731959300D39CB6 /* icon@2x.png in Resources */ = {isa = PBXBuildFile; fileRef = 88A904841731959300D39CB6 /* icon@2x.png */; };
		88AD62B91700EF820091E80E /* GOTMessageFooterViewBuilder.m in Sources */ = {isa = PBXBuildFile; fileRef = 88AD62B81700EF820091E80E /* GOTMessageFooterViewBuilder.m */; };
		88AD62BC17026D020091E80E /* GOTItemCell.m in Sources */ = {isa = PBXBuildFile; fileRef = 88AD62BB17026D020091E80E /* GOTItemCell.m */; };
		88AD62BE17026D300091E80E /* GOTItemCell.xib in Resources */ = {isa = PBXBuildFile; fileRef = 88AD62BD17026D300091E80E /* GOTItemCell.xib */; };
		88AD62C017026F8A0091E80E /* green-dot.png in Resources */ = {isa = PBXBuildFile; fileRef = 88AD62BF17026F8A0091E80E /* green-dot.png */; };
		88AD62C4170395250091E80E /* yellow-pencil.png in Resources */ = {isa = PBXBuildFile; fileRef = 88AD62C3170395250091E80E /* yellow-pencil.png */; };
		88AD62C617039A260091E80E /* pink-heart.png in Resources */ = {isa = PBXBuildFile; fileRef = 88AD62C517039A260091E80E /* pink-heart.png */; };
		88AD62C817039C550091E80E /* red-noitem.png in Resources */ = {isa = PBXBuildFile; fileRef = 88AD62C717039C550091E80E /* red-noitem.png */; };
		88AD62CB1703A9590091E80E /* GOTItemState.m in Sources */ = {isa = PBXBuildFile; fileRef = 88AD62CA1703A9580091E80E /* GOTItemState.m */; };
		88AD62D11704F3430091E80E /* chevron.png in Resources */ = {isa = PBXBuildFile; fileRef = 88AD62D01704F3430091E80E /* chevron.png */; };
		88AD62D7170640FA0091E80E /* GOTUsernameUpdateViewController.xib in Resources */ = {isa = PBXBuildFile; fileRef = 88AD62D6170640FA0091E80E /* GOTUsernameUpdateViewController.xib */; };
		88AD62D917064D450091E80E /* GOTEmailUpdateViewController.xib in Resources */ = {isa = PBXBuildFile; fileRef = 88AD62D817064D450091E80E /* GOTEmailUpdateViewController.xib */; };
		88AD62DB170659310091E80E /* GOTLocationUpdateViewController.xib in Resources */ = {isa = PBXBuildFile; fileRef = 88AD62DA170659310091E80E /* GOTLocationUpdateViewController.xib */; };
		88AD62DE170B87260091E80E /* GOTActiveUser.m in Sources */ = {isa = PBXBuildFile; fileRef = 88AD62DD170B87260091E80E /* GOTActiveUser.m */; };
		88AD62E2170CD1390091E80E /* JSONUtil.m in Sources */ = {isa = PBXBuildFile; fileRef = 88AD62E1170CD1390091E80E /* JSONUtil.m */; };
		88AD62E7170E1F430091E80E /* GOTWelcomeViewController.m in Sources */ = {isa = PBXBuildFile; fileRef = 88AD62E5170E1F430091E80E /* GOTWelcomeViewController.m */; };
		88AD62E8170E1F430091E80E /* GOTWelcomeViewController.xib in Resources */ = {isa = PBXBuildFile; fileRef = 88AD62E6170E1F430091E80E /* GOTWelcomeViewController.xib */; };
		88EED99A172B482300C29D8C /* FilterItemSettingsViewController.xib in Resources */ = {isa = PBXBuildFile; fileRef = 88EED999172B482300C29D8C /* FilterItemSettingsViewController.xib */; };
		88F2BCC516CC39F5003C9D90 /* UIKit.framework in Frameworks */ = {isa = PBXBuildFile; fileRef = 88F2BCC416CC39F5003C9D90 /* UIKit.framework */; };
		88F2BCC716CC39F5003C9D90 /* Foundation.framework in Frameworks */ = {isa = PBXBuildFile; fileRef = 88F2BCC616CC39F5003C9D90 /* Foundation.framework */; };
		88F2BCC916CC39F5003C9D90 /* CoreGraphics.framework in Frameworks */ = {isa = PBXBuildFile; fileRef = 88F2BCC816CC39F5003C9D90 /* CoreGraphics.framework */; };
		88F2BCCF16CC39F5003C9D90 /* InfoPlist.strings in Resources */ = {isa = PBXBuildFile; fileRef = 88F2BCCD16CC39F5003C9D90 /* InfoPlist.strings */; };
		88F2BCD116CC39F5003C9D90 /* main.m in Sources */ = {isa = PBXBuildFile; fileRef = 88F2BCD016CC39F5003C9D90 /* main.m */; };
		88F2BCD516CC39F5003C9D90 /* GOTAppDelegate.m in Sources */ = {isa = PBXBuildFile; fileRef = 88F2BCD416CC39F5003C9D90 /* GOTAppDelegate.m */; };
		88F2BCD716CC39F5003C9D90 /* Default.png in Resources */ = {isa = PBXBuildFile; fileRef = 88F2BCD616CC39F5003C9D90 /* Default.png */; };
		88F2BCD916CC39F5003C9D90 /* Default@2x.png in Resources */ = {isa = PBXBuildFile; fileRef = 88F2BCD816CC39F5003C9D90 /* Default@2x.png */; };
		88F2BCDB16CC39F5003C9D90 /* Default-568h@2x.png in Resources */ = {isa = PBXBuildFile; fileRef = 88F2BCDA16CC39F5003C9D90 /* Default-568h@2x.png */; };
		88F2BCE316CC3AA4003C9D90 /* GOTItem.m in Sources */ = {isa = PBXBuildFile; fileRef = 88F2BCE216CC3AA4003C9D90 /* GOTItem.m */; };
		88F2BCE516CC3B62003C9D90 /* CoreLocation.framework in Frameworks */ = {isa = PBXBuildFile; fileRef = 88F2BCE416CC3B62003C9D90 /* CoreLocation.framework */; };
		88F2BCE716CC3EBA003C9D90 /* MapKit.framework in Frameworks */ = {isa = PBXBuildFile; fileRef = 88F2BCE616CC3EBA003C9D90 /* MapKit.framework */; };
		88F2BCEA16CC40CE003C9D90 /* GOTItemsViewController.m in Sources */ = {isa = PBXBuildFile; fileRef = 88F2BCE916CC40CE003C9D90 /* GOTItemsViewController.m */; };
		88F2BCEC16CC4147003C9D90 /* GOTItemsViewController.xib in Resources */ = {isa = PBXBuildFile; fileRef = 88F2BCEB16CC4147003C9D90 /* GOTItemsViewController.xib */; };
		88F2BCEF16CC4FB7003C9D90 /* GOTItemsStore.m in Sources */ = {isa = PBXBuildFile; fileRef = 88F2BCEE16CC4FB7003C9D90 /* GOTItemsStore.m */; };
		88FDE40A16CF45D5008C6519 /* GOTProfileViewController.m in Sources */ = {isa = PBXBuildFile; fileRef = 88FDE40916CF45D5008C6519 /* GOTProfileViewController.m */; };
		88FDE40D16CF474E008C6519 /* GOTOffersViewController.m in Sources */ = {isa = PBXBuildFile; fileRef = 88FDE40C16CF474E008C6519 /* GOTOffersViewController.m */; };
/* End PBXBuildFile section */

/* Begin PBXFileReference section */
		8828071016E935EC00C13F61 /* GOTEmailUpdateViewController.h */ = {isa = PBXFileReference; fileEncoding = 4; lastKnownFileType = sourcecode.c.h; path = GOTEmailUpdateViewController.h; sourceTree = "<group>"; };
		8828071116E935EC00C13F61 /* GOTEmailUpdateViewController.m */ = {isa = PBXFileReference; fileEncoding = 4; lastKnownFileType = sourcecode.c.objc; path = GOTEmailUpdateViewController.m; sourceTree = "<group>"; };
		8828072116E9631400C13F61 /* GOTUsernameUpdateViewController.h */ = {isa = PBXFileReference; fileEncoding = 4; lastKnownFileType = sourcecode.c.h; path = GOTUsernameUpdateViewController.h; sourceTree = "<group>"; };
		8828072216E9631400C13F61 /* GOTUsernameUpdateViewController.m */ = {isa = PBXFileReference; fileEncoding = 4; lastKnownFileType = sourcecode.c.objc; path = GOTUsernameUpdateViewController.m; sourceTree = "<group>"; };
		8828072416E9632800C13F61 /* GOTUser.h */ = {isa = PBXFileReference; fileEncoding = 4; lastKnownFileType = sourcecode.c.h; path = GOTUser.h; sourceTree = "<group>"; };
		8828072516E9632800C13F61 /* GOTUser.m */ = {isa = PBXFileReference; fileEncoding = 4; lastKnownFileType = sourcecode.c.objc; path = GOTUser.m; sourceTree = "<group>"; };
		8828072816E9633E00C13F61 /* Model.xcdatamodel */ = {isa = PBXFileReference; lastKnownFileType = wrapper.xcdatamodel; path = Model.xcdatamodel; sourceTree = "<group>"; };
		8828072A16E9711F00C13F61 /* GOTConstants.h */ = {isa = PBXFileReference; fileEncoding = 4; lastKnownFileType = sourcecode.c.h; path = GOTConstants.h; sourceTree = "<group>"; };
		8828072B16E9711F00C13F61 /* GOTConstants.m */ = {isa = PBXFileReference; fileEncoding = 4; lastKnownFileType = sourcecode.c.objc; path = GOTConstants.m; sourceTree = "<group>"; };
		8828072D16EAACEE00C13F61 /* GOTLocationUpdateViewController.h */ = {isa = PBXFileReference; fileEncoding = 4; lastKnownFileType = sourcecode.c.h; path = GOTLocationUpdateViewController.h; sourceTree = "<group>"; };
		8828072E16EAACEE00C13F61 /* GOTLocationUpdateViewController.m */ = {isa = PBXFileReference; fileEncoding = 4; lastKnownFileType = sourcecode.c.objc; path = GOTLocationUpdateViewController.m; sourceTree = "<group>"; };
		8894FD1316D16451006955F6 /* GOTOffersViewController.xib */ = {isa = PBXFileReference; fileEncoding = 4; lastKnownFileType = file.xib; path = GOTOffersViewController.xib; sourceTree = "<group>"; };
		8894FD1A16D16CF2006955F6 /* GOTEditItemViewController.h */ = {isa = PBXFileReference; fileEncoding = 4; lastKnownFileType = sourcecode.c.h; path = GOTEditItemViewController.h; sourceTree = "<group>"; };
		8894FD1B16D16CF2006955F6 /* GOTEditItemViewController.m */ = {isa = PBXFileReference; fileEncoding = 4; lastKnownFileType = sourcecode.c.objc; path = GOTEditItemViewController.m; sourceTree = "<group>"; };
		8894FD2816D5893C006955F6 /* FilterItemSettingsViewController.h */ = {isa = PBXFileReference; fileEncoding = 4; lastKnownFileType = sourcecode.c.h; path = FilterItemSettingsViewController.h; sourceTree = "<group>"; };
		8894FD2916D5893D006955F6 /* FilterItemSettingsViewController.m */ = {isa = PBXFileReference; fileEncoding = 4; lastKnownFileType = sourcecode.c.objc; path = FilterItemSettingsViewController.m; sourceTree = "<group>"; };
		8894FD2B16D5995E006955F6 /* GOTSettings.h */ = {isa = PBXFileReference; fileEncoding = 4; lastKnownFileType = sourcecode.c.h; path = GOTSettings.h; sourceTree = "<group>"; };
		8894FD2C16D5995E006955F6 /* GOTSettings.m */ = {isa = PBXFileReference; fileEncoding = 4; lastKnownFileType = sourcecode.c.objc; path = GOTSettings.m; sourceTree = "<group>"; };
		8894FD3016D7F04F006955F6 /* GOTFreeItemDetailViewController.h */ = {isa = PBXFileReference; fileEncoding = 4; lastKnownFileType = sourcecode.c.h; path = GOTFreeItemDetailViewController.h; sourceTree = "<group>"; };
		8894FD3116D7F04F006955F6 /* GOTFreeItemDetailViewController.m */ = {isa = PBXFileReference; fileEncoding = 4; lastKnownFileType = sourcecode.c.objc; path = GOTFreeItemDetailViewController.m; sourceTree = "<group>"; };
		8894FD3316D7F0BF006955F6 /* GOTFreeItemDetailViewController.xib */ = {isa = PBXFileReference; fileEncoding = 4; lastKnownFileType = file.xib; path = GOTFreeItemDetailViewController.xib; sourceTree = "<group>"; };
		8894FD3516D828B2006955F6 /* GOTScrollItemsViewController.h */ = {isa = PBXFileReference; fileEncoding = 4; lastKnownFileType = sourcecode.c.h; path = GOTScrollItemsViewController.h; sourceTree = "<group>"; };
		8894FD3616D828B2006955F6 /* GOTScrollItemsViewController.m */ = {isa = PBXFileReference; fileEncoding = 4; lastKnownFileType = sourcecode.c.objc; path = GOTScrollItemsViewController.m; sourceTree = "<group>"; };
		8894FD3816D83D04006955F6 /* GOTImageStore.h */ = {isa = PBXFileReference; fileEncoding = 4; lastKnownFileType = sourcecode.c.h; path = GOTImageStore.h; sourceTree = "<group>"; };
		8894FD3916D83D04006955F6 /* GOTImageStore.m */ = {isa = PBXFileReference; fileEncoding = 4; lastKnownFileType = sourcecode.c.objc; path = GOTImageStore.m; sourceTree = "<group>"; };
		8894FD3B16DC2672006955F6 /* GOTConnection.h */ = {isa = PBXFileReference; fileEncoding = 4; lastKnownFileType = sourcecode.c.h; path = GOTConnection.h; sourceTree = "<group>"; };
		8894FD3C16DC2672006955F6 /* GOTConnection.m */ = {isa = PBXFileReference; fileEncoding = 4; lastKnownFileType = sourcecode.c.objc; path = GOTConnection.m; sourceTree = "<group>"; };
		8894FD3E16DC2CBE006955F6 /* JSONSerializable.h */ = {isa = PBXFileReference; lastKnownFileType = sourcecode.c.h; path = JSONSerializable.h; sourceTree = "<group>"; };
		8894FD3F16DC2F39006955F6 /* GOTItemList.h */ = {isa = PBXFileReference; fileEncoding = 4; lastKnownFileType = sourcecode.c.h; path = GOTItemList.h; sourceTree = "<group>"; };
		8894FD4016DC2F39006955F6 /* GOTItemList.m */ = {isa = PBXFileReference; fileEncoding = 4; lastKnownFileType = sourcecode.c.objc; path = GOTItemList.m; sourceTree = "<group>"; };
		88957D2716E0246B00ADDC8A /* GOTTextView.h */ = {isa = PBXFileReference; fileEncoding = 4; lastKnownFileType = sourcecode.c.h; path = GOTTextView.h; sourceTree = "<group>"; };
		88957D2816E0246C00ADDC8A /* GOTTextView.m */ = {isa = PBXFileReference; fileEncoding = 4; lastKnownFileType = sourcecode.c.objc; path = GOTTextView.m; sourceTree = "<group>"; };
		88957D2A16E176AE00ADDC8A /* FacebookSDK.framework */ = {isa = PBXFileReference; lastKnownFileType = wrapper.framework; name = FacebookSDK.framework; path = ../Documents/FacebookSDK/FacebookSDK.framework; sourceTree = "<group>"; };
		88957D2F16E1786D00ADDC8A /* GOTLoginViewController.h */ = {isa = PBXFileReference; fileEncoding = 4; lastKnownFileType = sourcecode.c.h; path = GOTLoginViewController.h; sourceTree = "<group>"; };
		88957D3016E1786D00ADDC8A /* GOTLoginViewController.m */ = {isa = PBXFileReference; fileEncoding = 4; lastKnownFileType = sourcecode.c.objc; path = GOTLoginViewController.m; sourceTree = "<group>"; };
		88957D3116E1786D00ADDC8A /* GOTLoginViewController.xib */ = {isa = PBXFileReference; fileEncoding = 4; lastKnownFileType = file.xib; path = GOTLoginViewController.xib; sourceTree = "<group>"; };
		88957D3416E17D1D00ADDC8A /* Accounts.framework */ = {isa = PBXFileReference; lastKnownFileType = wrapper.framework; name = Accounts.framework; path = System/Library/Frameworks/Accounts.framework; sourceTree = SDKROOT; };
		88957D3616E17D2300ADDC8A /* AdSupport.framework */ = {isa = PBXFileReference; lastKnownFileType = wrapper.framework; name = AdSupport.framework; path = System/Library/Frameworks/AdSupport.framework; sourceTree = SDKROOT; };
		88957D3816E17D3500ADDC8A /* Social.framework */ = {isa = PBXFileReference; lastKnownFileType = wrapper.framework; name = Social.framework; path = System/Library/Frameworks/Social.framework; sourceTree = SDKROOT; };
		88957D3C16E17DA800ADDC8A /* libsqlite3.0.dylib */ = {isa = PBXFileReference; lastKnownFileType = "compiled.mach-o.dylib"; name = libsqlite3.0.dylib; path = usr/lib/libsqlite3.0.dylib; sourceTree = SDKROOT; };
		88957D3E16E1863800ADDC8A /* FacebookSDKResources.bundle */ = {isa = PBXFileReference; lastKnownFileType = "wrapper.plug-in"; name = FacebookSDKResources.bundle; path = ../Documents/FacebookSDK/FacebookSDK.framework/Versions/A/Resources/FacebookSDKResources.bundle; sourceTree = "<group>"; };
		88957D4016E529F400ADDC8A /* GOTProfileViewStoryboard.storyboard */ = {isa = PBXFileReference; fileEncoding = 4; lastKnownFileType = file.storyboard; path = GOTProfileViewStoryboard.storyboard; sourceTree = "<group>"; };
		88957D4216E5547E00ADDC8A /* GOTUserStore.h */ = {isa = PBXFileReference; fileEncoding = 4; lastKnownFileType = sourcecode.c.h; path = GOTUserStore.h; sourceTree = "<group>"; };
		88957D4316E5547F00ADDC8A /* GOTUserStore.m */ = {isa = PBXFileReference; fileEncoding = 4; lastKnownFileType = sourcecode.c.objc; path = GOTUserStore.m; sourceTree = "<group>"; };
		88957D4516E559FB00ADDC8A /* CoreData.framework */ = {isa = PBXFileReference; lastKnownFileType = wrapper.framework; name = CoreData.framework; path = System/Library/Frameworks/CoreData.framework; sourceTree = SDKROOT; };
		88957D5016E6C2FE00ADDC8A /* GOTMutableURLPostRequest.h */ = {isa = PBXFileReference; fileEncoding = 4; lastKnownFileType = sourcecode.c.h; path = GOTMutableURLPostRequest.h; sourceTree = "<group>"; };
		88957D5116E6C2FE00ADDC8A /* GOTMutableURLPostRequest.m */ = {isa = PBXFileReference; fileEncoding = 4; lastKnownFileType = sourcecode.c.objc; path = GOTMutableURLPostRequest.m; sourceTree = "<group>"; };
		88976454173C6872008B5CDB /* HockeySDK.framework */ = {isa = PBXFileReference; lastKnownFileType = wrapper.framework; name = HockeySDK.framework; path = GiveOrTake/Vendor/HockeySDK.framework; sourceTree = "<group>"; };
		88976458173C6922008B5CDB /* HockeySDK.xcconfig */ = {isa = PBXFileReference; fileEncoding = 4; lastKnownFileType = text.xcconfig; name = HockeySDK.xcconfig; path = GiveOrTake/Vendor/HockeySDK.framework/Versions/A/Resources/HockeySDK.xcconfig; sourceTree = "<group>"; };
		8897645A173C69AD008B5CDB /* HockeySDKResources.bundle */ = {isa = PBXFileReference; lastKnownFileType = "wrapper.plug-in"; name = HockeySDKResources.bundle; path = GiveOrTake/Vendor/HockeySDK.framework/Versions/A/Resources/HockeySDKResources.bundle; sourceTree = "<group>"; };
		8897645C173C6A26008B5CDB /* CoreText.framework */ = {isa = PBXFileReference; lastKnownFileType = wrapper.framework; name = CoreText.framework; path = System/Library/Frameworks/CoreText.framework; sourceTree = SDKROOT; };
		8897645E173C6A39008B5CDB /* QuartzCore.framework */ = {isa = PBXFileReference; lastKnownFileType = wrapper.framework; name = QuartzCore.framework; path = System/Library/Frameworks/QuartzCore.framework; sourceTree = SDKROOT; };
		889764691742F7E3008B5CDB /* triangles.png */ = {isa = PBXFileReference; lastKnownFileType = image.png; path = triangles.png; sourceTree = "<group>"; };
		8897646B1742FB92008B5CDB /* triangles@2x.png */ = {isa = PBXFileReference; lastKnownFileType = image.png; path = "triangles@2x.png"; sourceTree = "<group>"; };
		8897646E17456CD3008B5CDB /* GOTShareViewController.h */ = {isa = PBXFileReference; fileEncoding = 4; lastKnownFileType = sourcecode.c.h; path = GOTShareViewController.h; sourceTree = "<group>"; };
		8897646F17456CD3008B5CDB /* GOTShareViewController.m */ = {isa = PBXFileReference; fileEncoding = 4; lastKnownFileType = sourcecode.c.objc; path = GOTShareViewController.m; sourceTree = "<group>"; };
		8897647017456CD3008B5CDB /* GOTShareViewController.xib */ = {isa = PBXFileReference; fileEncoding = 4; lastKnownFileType = file.xib; path = GOTShareViewController.xib; sourceTree = "<group>"; };
		889B08E11713511B001901B1 /* GOTSendMessageViewController.h */ = {isa = PBXFileReference; fileEncoding = 4; lastKnownFileType = sourcecode.c.h; path = GOTSendMessageViewController.h; sourceTree = "<group>"; };
		889B08E21713511B001901B1 /* GOTSendMessageViewController.m */ = {isa = PBXFileReference; fileEncoding = 4; lastKnownFileType = sourcecode.c.objc; path = GOTSendMessageViewController.m; sourceTree = "<group>"; };
		889B08E31713511B001901B1 /* GOTSendMessageViewController.xib */ = {isa = PBXFileReference; fileEncoding = 4; lastKnownFileType = file.xib; path = GOTSendMessageViewController.xib; sourceTree = "<group>"; };
		88A904761730479B00D39CB6 /* whitehand.png */ = {isa = PBXFileReference; lastKnownFileType = image.png; path = whitehand.png; sourceTree = "<group>"; };
		88A90478173059EC00D39CB6 /* whitegift.png */ = {isa = PBXFileReference; lastKnownFileType = image.png; path = whitegift.png; sourceTree = "<group>"; };
		88A9047A17305E7000D39CB6 /* whiteprofile.png */ = {isa = PBXFileReference; lastKnownFileType = image.png; path = whiteprofile.png; sourceTree = "<group>"; };
		88A9047C173061BE00D39CB6 /* whitegift@2x.png */ = {isa = PBXFileReference; lastKnownFileType = image.png; path = "whitegift@2x.png"; sourceTree = "<group>"; };
		88A9047E1730641F00D39CB6 /* whiteprofile@2x.png */ = {isa = PBXFileReference; lastKnownFileType = image.png; path = "whiteprofile@2x.png"; sourceTree = "<group>"; };
		88A904801730721D00D39CB6 /* whitehand@2x.png */ = {isa = PBXFileReference; lastKnownFileType = image.png; path = "whitehand@2x.png"; sourceTree = "<group>"; };
		88A90482173190E900D39CB6 /* icon.png */ = {isa = PBXFileReference; lastKnownFileType = image.png; path = icon.png; sourceTree = "<group>"; };
		88A904841731959300D39CB6 /* icon@2x.png */ = {isa = PBXFileReference; lastKnownFileType = image.png; path = "icon@2x.png"; sourceTree = "<group>"; };
		88AD62B71700EF820091E80E /* GOTMessageFooterViewBuilder.h */ = {isa = PBXFileReference; fileEncoding = 4; lastKnownFileType = sourcecode.c.h; path = GOTMessageFooterViewBuilder.h; sourceTree = "<group>"; };
		88AD62B81700EF820091E80E /* GOTMessageFooterViewBuilder.m */ = {isa = PBXFileReference; fileEncoding = 4; lastKnownFileType = sourcecode.c.objc; path = GOTMessageFooterViewBuilder.m; sourceTree = "<group>"; };
		88AD62BA17026D020091E80E /* GOTItemCell.h */ = {isa = PBXFileReference; fileEncoding = 4; lastKnownFileType = sourcecode.c.h; path = GOTItemCell.h; sourceTree = "<group>"; };
		88AD62BB17026D020091E80E /* GOTItemCell.m */ = {isa = PBXFileReference; fileEncoding = 4; lastKnownFileType = sourcecode.c.objc; path = GOTItemCell.m; sourceTree = "<group>"; };
		88AD62BD17026D300091E80E /* GOTItemCell.xib */ = {isa = PBXFileReference; fileEncoding = 4; lastKnownFileType = file.xib; path = GOTItemCell.xib; sourceTree = "<group>"; };
		88AD62BF17026F8A0091E80E /* green-dot.png */ = {isa = PBXFileReference; lastKnownFileType = image.png; path = "green-dot.png"; sourceTree = "<group>"; };
		88AD62C3170395250091E80E /* yellow-pencil.png */ = {isa = PBXFileReference; lastKnownFileType = image.png; path = "yellow-pencil.png"; sourceTree = "<group>"; };
		88AD62C517039A260091E80E /* pink-heart.png */ = {isa = PBXFileReference; lastKnownFileType = image.png; path = "pink-heart.png"; sourceTree = "<group>"; };
		88AD62C717039C550091E80E /* red-noitem.png */ = {isa = PBXFileReference; lastKnownFileType = image.png; path = "red-noitem.png"; sourceTree = "<group>"; };
		88AD62C91703A9580091E80E /* GOTItemState.h */ = {isa = PBXFileReference; fileEncoding = 4; lastKnownFileType = sourcecode.c.h; path = GOTItemState.h; sourceTree = "<group>"; };
		88AD62CA1703A9580091E80E /* GOTItemState.m */ = {isa = PBXFileReference; fileEncoding = 4; lastKnownFileType = sourcecode.c.objc; path = GOTItemState.m; sourceTree = "<group>"; };
		88AD62D01704F3430091E80E /* chevron.png */ = {isa = PBXFileReference; lastKnownFileType = image.png; path = chevron.png; sourceTree = "<group>"; };
		88AD62D6170640FA0091E80E /* GOTUsernameUpdateViewController.xib */ = {isa = PBXFileReference; fileEncoding = 4; lastKnownFileType = file.xib; path = GOTUsernameUpdateViewController.xib; sourceTree = "<group>"; };
		88AD62D817064D450091E80E /* GOTEmailUpdateViewController.xib */ = {isa = PBXFileReference; fileEncoding = 4; lastKnownFileType = file.xib; path = GOTEmailUpdateViewController.xib; sourceTree = "<group>"; };
		88AD62DA170659310091E80E /* GOTLocationUpdateViewController.xib */ = {isa = PBXFileReference; fileEncoding = 4; lastKnownFileType = file.xib; path = GOTLocationUpdateViewController.xib; sourceTree = "<group>"; };
		88AD62DC170B87250091E80E /* GOTActiveUser.h */ = {isa = PBXFileReference; fileEncoding = 4; lastKnownFileType = sourcecode.c.h; path = GOTActiveUser.h; sourceTree = "<group>"; };
		88AD62DD170B87260091E80E /* GOTActiveUser.m */ = {isa = PBXFileReference; fileEncoding = 4; lastKnownFileType = sourcecode.c.objc; path = GOTActiveUser.m; sourceTree = "<group>"; };
		88AD62DF170CB45E0091E80E /* User.h */ = {isa = PBXFileReference; lastKnownFileType = sourcecode.c.h; path = User.h; sourceTree = "<group>"; };
		88AD62E0170CD1380091E80E /* JSONUtil.h */ = {isa = PBXFileReference; fileEncoding = 4; lastKnownFileType = sourcecode.c.h; path = JSONUtil.h; sourceTree = "<group>"; };
		88AD62E1170CD1390091E80E /* JSONUtil.m */ = {isa = PBXFileReference; fileEncoding = 4; lastKnownFileType = sourcecode.c.objc; path = JSONUtil.m; sourceTree = "<group>"; };
		88AD62E4170E1F430091E80E /* GOTWelcomeViewController.h */ = {isa = PBXFileReference; fileEncoding = 4; lastKnownFileType = sourcecode.c.h; path = GOTWelcomeViewController.h; sourceTree = "<group>"; };
		88AD62E5170E1F430091E80E /* GOTWelcomeViewController.m */ = {isa = PBXFileReference; fileEncoding = 4; lastKnownFileType = sourcecode.c.objc; path = GOTWelcomeViewController.m; sourceTree = "<group>"; };
		88AD62E6170E1F430091E80E /* GOTWelcomeViewController.xib */ = {isa = PBXFileReference; fileEncoding = 4; lastKnownFileType = file.xib; path = GOTWelcomeViewController.xib; sourceTree = "<group>"; };
		88EED999172B482300C29D8C /* FilterItemSettingsViewController.xib */ = {isa = PBXFileReference; fileEncoding = 4; lastKnownFileType = file.xib; path = FilterItemSettingsViewController.xib; sourceTree = "<group>"; };
		88F2BCC116CC39F5003C9D90 /* GiveOrTake.app */ = {isa = PBXFileReference; explicitFileType = wrapper.application; includeInIndex = 0; path = GiveOrTake.app; sourceTree = BUILT_PRODUCTS_DIR; };
		88F2BCC416CC39F5003C9D90 /* UIKit.framework */ = {isa = PBXFileReference; lastKnownFileType = wrapper.framework; name = UIKit.framework; path = System/Library/Frameworks/UIKit.framework; sourceTree = SDKROOT; };
		88F2BCC616CC39F5003C9D90 /* Foundation.framework */ = {isa = PBXFileReference; lastKnownFileType = wrapper.framework; name = Foundation.framework; path = System/Library/Frameworks/Foundation.framework; sourceTree = SDKROOT; };
		88F2BCC816CC39F5003C9D90 /* CoreGraphics.framework */ = {isa = PBXFileReference; lastKnownFileType = wrapper.framework; name = CoreGraphics.framework; path = System/Library/Frameworks/CoreGraphics.framework; sourceTree = SDKROOT; };
		88F2BCCC16CC39F5003C9D90 /* GiveOrTake-Info.plist */ = {isa = PBXFileReference; lastKnownFileType = text.plist.xml; path = "GiveOrTake-Info.plist"; sourceTree = "<group>"; };
		88F2BCCE16CC39F5003C9D90 /* en */ = {isa = PBXFileReference; lastKnownFileType = text.plist.strings; name = en; path = en.lproj/InfoPlist.strings; sourceTree = "<group>"; };
		88F2BCD016CC39F5003C9D90 /* main.m */ = {isa = PBXFileReference; lastKnownFileType = sourcecode.c.objc; path = main.m; sourceTree = "<group>"; };
		88F2BCD216CC39F5003C9D90 /* GiveOrTake-Prefix.pch */ = {isa = PBXFileReference; lastKnownFileType = sourcecode.c.h; path = "GiveOrTake-Prefix.pch"; sourceTree = "<group>"; };
		88F2BCD316CC39F5003C9D90 /* GOTAppDelegate.h */ = {isa = PBXFileReference; lastKnownFileType = sourcecode.c.h; path = GOTAppDelegate.h; sourceTree = "<group>"; };
		88F2BCD416CC39F5003C9D90 /* GOTAppDelegate.m */ = {isa = PBXFileReference; lastKnownFileType = sourcecode.c.objc; path = GOTAppDelegate.m; sourceTree = "<group>"; };
		88F2BCD616CC39F5003C9D90 /* Default.png */ = {isa = PBXFileReference; lastKnownFileType = image.png; path = Default.png; sourceTree = "<group>"; };
		88F2BCD816CC39F5003C9D90 /* Default@2x.png */ = {isa = PBXFileReference; lastKnownFileType = image.png; path = "Default@2x.png"; sourceTree = "<group>"; };
		88F2BCDA16CC39F5003C9D90 /* Default-568h@2x.png */ = {isa = PBXFileReference; lastKnownFileType = image.png; path = "Default-568h@2x.png"; sourceTree = "<group>"; };
		88F2BCE116CC3AA4003C9D90 /* GOTItem.h */ = {isa = PBXFileReference; fileEncoding = 4; lastKnownFileType = sourcecode.c.h; path = GOTItem.h; sourceTree = "<group>"; };
		88F2BCE216CC3AA4003C9D90 /* GOTItem.m */ = {isa = PBXFileReference; fileEncoding = 4; lastKnownFileType = sourcecode.c.objc; path = GOTItem.m; sourceTree = "<group>"; };
		88F2BCE416CC3B62003C9D90 /* CoreLocation.framework */ = {isa = PBXFileReference; lastKnownFileType = wrapper.framework; name = CoreLocation.framework; path = System/Library/Frameworks/CoreLocation.framework; sourceTree = SDKROOT; };
		88F2BCE616CC3EBA003C9D90 /* MapKit.framework */ = {isa = PBXFileReference; lastKnownFileType = wrapper.framework; name = MapKit.framework; path = System/Library/Frameworks/MapKit.framework; sourceTree = SDKROOT; };
		88F2BCE816CC40CE003C9D90 /* GOTItemsViewController.h */ = {isa = PBXFileReference; fileEncoding = 4; lastKnownFileType = sourcecode.c.h; path = GOTItemsViewController.h; sourceTree = "<group>"; };
		88F2BCE916CC40CE003C9D90 /* GOTItemsViewController.m */ = {isa = PBXFileReference; fileEncoding = 4; lastKnownFileType = sourcecode.c.objc; path = GOTItemsViewController.m; sourceTree = "<group>"; };
		88F2BCEB16CC4147003C9D90 /* GOTItemsViewController.xib */ = {isa = PBXFileReference; fileEncoding = 4; lastKnownFileType = file.xib; path = GOTItemsViewController.xib; sourceTree = "<group>"; };
		88F2BCED16CC4FB7003C9D90 /* GOTItemsStore.h */ = {isa = PBXFileReference; fileEncoding = 4; lastKnownFileType = sourcecode.c.h; path = GOTItemsStore.h; sourceTree = "<group>"; };
		88F2BCEE16CC4FB7003C9D90 /* GOTItemsStore.m */ = {isa = PBXFileReference; fileEncoding = 4; lastKnownFileType = sourcecode.c.objc; path = GOTItemsStore.m; sourceTree = "<group>"; };
		88FDE40816CF45D5008C6519 /* GOTProfileViewController.h */ = {isa = PBXFileReference; fileEncoding = 4; lastKnownFileType = sourcecode.c.h; path = GOTProfileViewController.h; sourceTree = "<group>"; };
		88FDE40916CF45D5008C6519 /* GOTProfileViewController.m */ = {isa = PBXFileReference; fileEncoding = 4; lastKnownFileType = sourcecode.c.objc; path = GOTProfileViewController.m; sourceTree = "<group>"; };
		88FDE40B16CF474E008C6519 /* GOTOffersViewController.h */ = {isa = PBXFileReference; fileEncoding = 4; lastKnownFileType = sourcecode.c.h; path = GOTOffersViewController.h; sourceTree = "<group>"; };
		88FDE40C16CF474E008C6519 /* GOTOffersViewController.m */ = {isa = PBXFileReference; fileEncoding = 4; lastKnownFileType = sourcecode.c.objc; path = GOTOffersViewController.m; sourceTree = "<group>"; };
/* End PBXFileReference section */

/* Begin PBXFrameworksBuildPhase section */
		88F2BCBE16CC39F5003C9D90 /* Frameworks */ = {
			isa = PBXFrameworksBuildPhase;
			buildActionMask = 2147483647;
			files = (
				8897645F173C6A39008B5CDB /* QuartzCore.framework in Frameworks */,
				8897645D173C6A26008B5CDB /* CoreText.framework in Frameworks */,
				88957D4616E559FB00ADDC8A /* CoreData.framework in Frameworks */,
				88957D3916E17D3500ADDC8A /* Social.framework in Frameworks */,
				88957D3716E17D2400ADDC8A /* AdSupport.framework in Frameworks */,
				88957D3516E17D1D00ADDC8A /* Accounts.framework in Frameworks */,
				88957D2B16E176AE00ADDC8A /* FacebookSDK.framework in Frameworks */,
				88F2BCE716CC3EBA003C9D90 /* MapKit.framework in Frameworks */,
				88F2BCE516CC3B62003C9D90 /* CoreLocation.framework in Frameworks */,
				88F2BCC516CC39F5003C9D90 /* UIKit.framework in Frameworks */,
				88F2BCC716CC39F5003C9D90 /* Foundation.framework in Frameworks */,
				88F2BCC916CC39F5003C9D90 /* CoreGraphics.framework in Frameworks */,
				88976455173C6872008B5CDB /* HockeySDK.framework in Frameworks */,
			);
			runOnlyForDeploymentPostprocessing = 0;
		};
/* End PBXFrameworksBuildPhase section */

/* Begin PBXGroup section */
		8828071716E960AE00C13F61 /* Model */ = {
			isa = PBXGroup;
			children = (
				8828072716E9633E00C13F61 /* Model.xcdatamodeld */,
				8828072416E9632800C13F61 /* GOTUser.h */,
				8828072516E9632800C13F61 /* GOTUser.m */,
				8894FD3E16DC2CBE006955F6 /* JSONSerializable.h */,
				88F2BCE116CC3AA4003C9D90 /* GOTItem.h */,
				88F2BCE216CC3AA4003C9D90 /* GOTItem.m */,
				8894FD3F16DC2F39006955F6 /* GOTItemList.h */,
				8894FD4016DC2F39006955F6 /* GOTItemList.m */,
				88AD62C91703A9580091E80E /* GOTItemState.h */,
				88AD62CA1703A9580091E80E /* GOTItemState.m */,
				88AD62DC170B87250091E80E /* GOTActiveUser.h */,
				88AD62DD170B87260091E80E /* GOTActiveUser.m */,
				88AD62DF170CB45E0091E80E /* User.h */,
				88AD62E0170CD1380091E80E /* JSONUtil.h */,
				88AD62E1170CD1390091E80E /* JSONUtil.m */,
			);
			name = Model;
			sourceTree = "<group>";
		};
		8828071816E960DB00C13F61 /* Core */ = {
			isa = PBXGroup;
			children = (
				88F2BCD316CC39F5003C9D90 /* GOTAppDelegate.h */,
				88F2BCD416CC39F5003C9D90 /* GOTAppDelegate.m */,
				8894FD2B16D5995E006955F6 /* GOTSettings.h */,
				8894FD2C16D5995E006955F6 /* GOTSettings.m */,
				8828072A16E9711F00C13F61 /* GOTConstants.h */,
				8828072B16E9711F00C13F61 /* GOTConstants.m */,
			);
			name = Core;
			sourceTree = "<group>";
		};
		8828071916E960EE00C13F61 /* Store */ = {
			isa = PBXGroup;
			children = (
				88F2BCED16CC4FB7003C9D90 /* GOTItemsStore.h */,
				88F2BCEE16CC4FB7003C9D90 /* GOTItemsStore.m */,
				88957D4216E5547E00ADDC8A /* GOTUserStore.h */,
				88957D4316E5547F00ADDC8A /* GOTUserStore.m */,
				8894FD3816D83D04006955F6 /* GOTImageStore.h */,
				8894FD3916D83D04006955F6 /* GOTImageStore.m */,
			);
			name = Store;
			sourceTree = "<group>";
		};
		8828071A16E9612F00C13F61 /* Connection */ = {
			isa = PBXGroup;
			children = (
				8894FD3B16DC2672006955F6 /* GOTConnection.h */,
				8894FD3C16DC2672006955F6 /* GOTConnection.m */,
				88957D5016E6C2FE00ADDC8A /* GOTMutableURLPostRequest.h */,
				88957D5116E6C2FE00ADDC8A /* GOTMutableURLPostRequest.m */,
			);
			name = Connection;
			sourceTree = "<group>";
		};
		8828071B16E9618C00C13F61 /* UI */ = {
			isa = PBXGroup;
			children = (
				8897646D17456CAD008B5CDB /* Share */,
				88AD62E3170E1A8F0091E80E /* NewUserFlow */,
				8828072016E961EA00C13F61 /* Login */,
				8828071F16E961B400C13F61 /* Core */,
				8828071E16E961AA00C13F61 /* Profile */,
				8828071D16E9619F00C13F61 /* Offers */,
				8828071C16E9619700C13F61 /* Items */,
			);
			name = UI;
			sourceTree = "<group>";
		};
		8828071C16E9619700C13F61 /* Items */ = {
			isa = PBXGroup;
			children = (
				88F2BCE816CC40CE003C9D90 /* GOTItemsViewController.h */,
				88F2BCE916CC40CE003C9D90 /* GOTItemsViewController.m */,
				88F2BCEB16CC4147003C9D90 /* GOTItemsViewController.xib */,
				8894FD2816D5893C006955F6 /* FilterItemSettingsViewController.h */,
				8894FD2916D5893D006955F6 /* FilterItemSettingsViewController.m */,
				88EED999172B482300C29D8C /* FilterItemSettingsViewController.xib */,
				8894FD3516D828B2006955F6 /* GOTScrollItemsViewController.h */,
				8894FD3616D828B2006955F6 /* GOTScrollItemsViewController.m */,
				8894FD3016D7F04F006955F6 /* GOTFreeItemDetailViewController.h */,
				8894FD3116D7F04F006955F6 /* GOTFreeItemDetailViewController.m */,
				8894FD3316D7F0BF006955F6 /* GOTFreeItemDetailViewController.xib */,
				889B08E11713511B001901B1 /* GOTSendMessageViewController.h */,
				889B08E21713511B001901B1 /* GOTSendMessageViewController.m */,
				889B08E31713511B001901B1 /* GOTSendMessageViewController.xib */,
			);
			name = Items;
			sourceTree = "<group>";
		};
		8828071D16E9619F00C13F61 /* Offers */ = {
			isa = PBXGroup;
			children = (
				88FDE40B16CF474E008C6519 /* GOTOffersViewController.h */,
				88FDE40C16CF474E008C6519 /* GOTOffersViewController.m */,
				8894FD1316D16451006955F6 /* GOTOffersViewController.xib */,
				8894FD1A16D16CF2006955F6 /* GOTEditItemViewController.h */,
				8894FD1B16D16CF2006955F6 /* GOTEditItemViewController.m */,
			);
			name = Offers;
			sourceTree = "<group>";
		};
		8828071E16E961AA00C13F61 /* Profile */ = {
			isa = PBXGroup;
			children = (
				8828072116E9631400C13F61 /* GOTUsernameUpdateViewController.h */,
				8828072216E9631400C13F61 /* GOTUsernameUpdateViewController.m */,
				88AD62D6170640FA0091E80E /* GOTUsernameUpdateViewController.xib */,
				88FDE40816CF45D5008C6519 /* GOTProfileViewController.h */,
				88FDE40916CF45D5008C6519 /* GOTProfileViewController.m */,
				88957D4016E529F400ADDC8A /* GOTProfileViewStoryboard.storyboard */,
				8828071016E935EC00C13F61 /* GOTEmailUpdateViewController.h */,
				8828071116E935EC00C13F61 /* GOTEmailUpdateViewController.m */,
				88AD62D817064D450091E80E /* GOTEmailUpdateViewController.xib */,
				8828072D16EAACEE00C13F61 /* GOTLocationUpdateViewController.h */,
				8828072E16EAACEE00C13F61 /* GOTLocationUpdateViewController.m */,
				88AD62DA170659310091E80E /* GOTLocationUpdateViewController.xib */,
			);
			name = Profile;
			sourceTree = "<group>";
		};
		8828071F16E961B400C13F61 /* Core */ = {
			isa = PBXGroup;
			children = (
				88957D2716E0246B00ADDC8A /* GOTTextView.h */,
				88957D2816E0246C00ADDC8A /* GOTTextView.m */,
				88AD62B71700EF820091E80E /* GOTMessageFooterViewBuilder.h */,
				88AD62B81700EF820091E80E /* GOTMessageFooterViewBuilder.m */,
				88AD62BA17026D020091E80E /* GOTItemCell.h */,
				88AD62BB17026D020091E80E /* GOTItemCell.m */,
				88AD62BD17026D300091E80E /* GOTItemCell.xib */,
			);
			name = Core;
			sourceTree = "<group>";
		};
		8828072016E961EA00C13F61 /* Login */ = {
			isa = PBXGroup;
			children = (
				88957D2F16E1786D00ADDC8A /* GOTLoginViewController.h */,
				88957D3016E1786D00ADDC8A /* GOTLoginViewController.m */,
				88957D3116E1786D00ADDC8A /* GOTLoginViewController.xib */,
			);
			name = Login;
			sourceTree = "<group>";
		};
		88976453173C6863008B5CDB /* Vendor */ = {
			isa = PBXGroup;
			children = (
				8897645A173C69AD008B5CDB /* HockeySDKResources.bundle */,
				88976458173C6922008B5CDB /* HockeySDK.xcconfig */,
				88976454173C6872008B5CDB /* HockeySDK.framework */,
			);
			name = Vendor;
			sourceTree = "<group>";
		};
		8897646D17456CAD008B5CDB /* Share */ = {
			isa = PBXGroup;
			children = (
				8897646E17456CD3008B5CDB /* GOTShareViewController.h */,
				8897646F17456CD3008B5CDB /* GOTShareViewController.m */,
				8897647017456CD3008B5CDB /* GOTShareViewController.xib */,
			);
			name = Share;
			sourceTree = "<group>";
		};
		88AD62E3170E1A8F0091E80E /* NewUserFlow */ = {
			isa = PBXGroup;
			children = (
				88AD62E4170E1F430091E80E /* GOTWelcomeViewController.h */,
				88AD62E5170E1F430091E80E /* GOTWelcomeViewController.m */,
				88AD62E6170E1F430091E80E /* GOTWelcomeViewController.xib */,
			);
			name = NewUserFlow;
			sourceTree = "<group>";
		};
		88F2BCB816CC39F5003C9D90 = {
			isa = PBXGroup;
			children = (
				88F2BCCA16CC39F5003C9D90 /* GiveOrTake */,
				88F2BCC316CC39F5003C9D90 /* Frameworks */,
				88F2BCC216CC39F5003C9D90 /* Products */,
				88976453173C6863008B5CDB /* Vendor */,
			);
			sourceTree = "<group>";
		};
		88F2BCC216CC39F5003C9D90 /* Products */ = {
			isa = PBXGroup;
			children = (
				88F2BCC116CC39F5003C9D90 /* GiveOrTake.app */,
			);
			name = Products;
			sourceTree = "<group>";
		};
		88F2BCC316CC39F5003C9D90 /* Frameworks */ = {
			isa = PBXGroup;
			children = (
				8897645C173C6A26008B5CDB /* CoreText.framework */,
				8897645E173C6A39008B5CDB /* QuartzCore.framework */,
				88957D4516E559FB00ADDC8A /* CoreData.framework */,
				88957D3E16E1863800ADDC8A /* FacebookSDKResources.bundle */,
				88957D3C16E17DA800ADDC8A /* libsqlite3.0.dylib */,
				88957D3816E17D3500ADDC8A /* Social.framework */,
				88957D3616E17D2300ADDC8A /* AdSupport.framework */,
				88957D3416E17D1D00ADDC8A /* Accounts.framework */,
				88957D2A16E176AE00ADDC8A /* FacebookSDK.framework */,
				88F2BCE616CC3EBA003C9D90 /* MapKit.framework */,
				88F2BCE416CC3B62003C9D90 /* CoreLocation.framework */,
				88F2BCC416CC39F5003C9D90 /* UIKit.framework */,
				88F2BCC616CC39F5003C9D90 /* Foundation.framework */,
				88F2BCC816CC39F5003C9D90 /* CoreGraphics.framework */,
			);
			name = Frameworks;
			sourceTree = "<group>";
		};
		88F2BCCA16CC39F5003C9D90 /* GiveOrTake */ = {
			isa = PBXGroup;
			children = (
				8828071B16E9618C00C13F61 /* UI */,
				8828071A16E9612F00C13F61 /* Connection */,
				8828071916E960EE00C13F61 /* Store */,
				8828071816E960DB00C13F61 /* Core */,
				8828071716E960AE00C13F61 /* Model */,
				88F2BCCB16CC39F5003C9D90 /* Supporting Files */,
			);
			path = GiveOrTake;
			sourceTree = "<group>";
		};
		88F2BCCB16CC39F5003C9D90 /* Supporting Files */ = {
			isa = PBXGroup;
			children = (
				8897646B1742FB92008B5CDB /* triangles@2x.png */,
				889764691742F7E3008B5CDB /* triangles.png */,
				88A904841731959300D39CB6 /* icon@2x.png */,
				88A90482173190E900D39CB6 /* icon.png */,
				88A904801730721D00D39CB6 /* whitehand@2x.png */,
				88A9047E1730641F00D39CB6 /* whiteprofile@2x.png */,
				88A9047C173061BE00D39CB6 /* whitegift@2x.png */,
				88A9047A17305E7000D39CB6 /* whiteprofile.png */,
				88A90478173059EC00D39CB6 /* whitegift.png */,
				88A904761730479B00D39CB6 /* whitehand.png */,
				88AD62D01704F3430091E80E /* chevron.png */,
				88AD62C717039C550091E80E /* red-noitem.png */,
				88AD62C517039A260091E80E /* pink-heart.png */,
				88AD62C3170395250091E80E /* yellow-pencil.png */,
				88AD62BF17026F8A0091E80E /* green-dot.png */,
				88F2BCCC16CC39F5003C9D90 /* GiveOrTake-Info.plist */,
				88F2BCCD16CC39F5003C9D90 /* InfoPlist.strings */,
				88F2BCD016CC39F5003C9D90 /* main.m */,
				88F2BCD216CC39F5003C9D90 /* GiveOrTake-Prefix.pch */,
				88F2BCD616CC39F5003C9D90 /* Default.png */,
				88F2BCD816CC39F5003C9D90 /* Default@2x.png */,
				88F2BCDA16CC39F5003C9D90 /* Default-568h@2x.png */,
			);
			name = "Supporting Files";
			sourceTree = "<group>";
		};
/* End PBXGroup section */

/* Begin PBXNativeTarget section */
		88F2BCC016CC39F5003C9D90 /* GiveOrTake */ = {
			isa = PBXNativeTarget;
			buildConfigurationList = 88F2BCDE16CC39F5003C9D90 /* Build configuration list for PBXNativeTarget "GiveOrTake" */;
			buildPhases = (
				88F2BCBD16CC39F5003C9D90 /* Sources */,
				88F2BCBE16CC39F5003C9D90 /* Frameworks */,
				88F2BCBF16CC39F5003C9D90 /* Resources */,
			);
			buildRules = (
			);
			dependencies = (
			);
			name = GiveOrTake;
			productName = GiveOrTake;
			productReference = 88F2BCC116CC39F5003C9D90 /* GiveOrTake.app */;
			productType = "com.apple.product-type.application";
		};
/* End PBXNativeTarget section */

/* Begin PBXProject section */
		88F2BCB916CC39F5003C9D90 /* Project object */ = {
			isa = PBXProject;
			attributes = {
				CLASSPREFIX = GOT;
				LastUpgradeCheck = 0460;
				ORGANIZATIONNAME = "Nora Mullaney";
			};
			buildConfigurationList = 88F2BCBC16CC39F5003C9D90 /* Build configuration list for PBXProject "GiveOrTake" */;
			compatibilityVersion = "Xcode 3.2";
			developmentRegion = English;
			hasScannedForEncodings = 0;
			knownRegions = (
				en,
			);
			mainGroup = 88F2BCB816CC39F5003C9D90;
			productRefGroup = 88F2BCC216CC39F5003C9D90 /* Products */;
			projectDirPath = "";
			projectRoot = "";
			targets = (
				88F2BCC016CC39F5003C9D90 /* GiveOrTake */,
			);
		};
/* End PBXProject section */

/* Begin PBXResourcesBuildPhase section */
		88F2BCBF16CC39F5003C9D90 /* Resources */ = {
			isa = PBXResourcesBuildPhase;
			buildActionMask = 2147483647;
			files = (
				8897645B173C69AD008B5CDB /* HockeySDKResources.bundle in Resources */,
				88957D3F16E1863900ADDC8A /* FacebookSDKResources.bundle in Resources */,
				88F2BCCF16CC39F5003C9D90 /* InfoPlist.strings in Resources */,
				88F2BCD716CC39F5003C9D90 /* Default.png in Resources */,
				88F2BCD916CC39F5003C9D90 /* Default@2x.png in Resources */,
				88F2BCDB16CC39F5003C9D90 /* Default-568h@2x.png in Resources */,
				88F2BCEC16CC4147003C9D90 /* GOTItemsViewController.xib in Resources */,
				8894FD1416D16451006955F6 /* GOTOffersViewController.xib in Resources */,
				8894FD3416D7F0BF006955F6 /* GOTFreeItemDetailViewController.xib in Resources */,
				88957D3316E1786E00ADDC8A /* GOTLoginViewController.xib in Resources */,
				88957D4116E529F400ADDC8A /* GOTProfileViewStoryboard.storyboard in Resources */,
				88AD62BE17026D300091E80E /* GOTItemCell.xib in Resources */,
				88AD62C017026F8A0091E80E /* green-dot.png in Resources */,
				88AD62C4170395250091E80E /* yellow-pencil.png in Resources */,
				88AD62C617039A260091E80E /* pink-heart.png in Resources */,
				88AD62C817039C550091E80E /* red-noitem.png in Resources */,
				88AD62D11704F3430091E80E /* chevron.png in Resources */,
				88AD62D7170640FA0091E80E /* GOTUsernameUpdateViewController.xib in Resources */,
				88AD62D917064D450091E80E /* GOTEmailUpdateViewController.xib in Resources */,
				88AD62DB170659310091E80E /* GOTLocationUpdateViewController.xib in Resources */,
				88AD62E8170E1F430091E80E /* GOTWelcomeViewController.xib in Resources */,
				889B08E51713511B001901B1 /* GOTSendMessageViewController.xib in Resources */,
				88EED99A172B482300C29D8C /* FilterItemSettingsViewController.xib in Resources */,
				88A904771730479B00D39CB6 /* whitehand.png in Resources */,
				88A90479173059EC00D39CB6 /* whitegift.png in Resources */,
				88A9047B17305E7000D39CB6 /* whiteprofile.png in Resources */,
				88A9047D173061BE00D39CB6 /* whitegift@2x.png in Resources */,
				88A9047F1730641F00D39CB6 /* whiteprofile@2x.png in Resources */,
				88A904811730721D00D39CB6 /* whitehand@2x.png in Resources */,
				88A90483173190E900D39CB6 /* icon.png in Resources */,
				88A904851731959300D39CB6 /* icon@2x.png in Resources */,
				88976459173C6922008B5CDB /* HockeySDK.xcconfig in Resources */,
				8897646A1742F7E3008B5CDB /* triangles.png in Resources */,
				8897646C1742FB92008B5CDB /* triangles@2x.png in Resources */,
				8897647217456CD3008B5CDB /* GOTShareViewController.xib in Resources */,
			);
			runOnlyForDeploymentPostprocessing = 0;
		};
/* End PBXResourcesBuildPhase section */

/* Begin PBXSourcesBuildPhase section */
		88F2BCBD16CC39F5003C9D90 /* Sources */ = {
			isa = PBXSourcesBuildPhase;
			buildActionMask = 2147483647;
			files = (
				88F2BCD116CC39F5003C9D90 /* main.m in Sources */,
				88F2BCD516CC39F5003C9D90 /* GOTAppDelegate.m in Sources */,
				88F2BCE316CC3AA4003C9D90 /* GOTItem.m in Sources */,
				88F2BCEA16CC40CE003C9D90 /* GOTItemsViewController.m in Sources */,
				88F2BCEF16CC4FB7003C9D90 /* GOTItemsStore.m in Sources */,
				88FDE40A16CF45D5008C6519 /* GOTProfileViewController.m in Sources */,
				88FDE40D16CF474E008C6519 /* GOTOffersViewController.m in Sources */,
				8894FD1C16D16CF2006955F6 /* GOTEditItemViewController.m in Sources */,
				8894FD2A16D5893D006955F6 /* FilterItemSettingsViewController.m in Sources */,
				8894FD2D16D5995E006955F6 /* GOTSettings.m in Sources */,
				8894FD3216D7F04F006955F6 /* GOTFreeItemDetailViewController.m in Sources */,
				8894FD3716D828B3006955F6 /* GOTScrollItemsViewController.m in Sources */,
				8894FD3A16D83D04006955F6 /* GOTImageStore.m in Sources */,
				8894FD3D16DC2673006955F6 /* GOTConnection.m in Sources */,
				8894FD4116DC2F39006955F6 /* GOTItemList.m in Sources */,
				88957D2916E0246C00ADDC8A /* GOTTextView.m in Sources */,
				88957D3216E1786E00ADDC8A /* GOTLoginViewController.m in Sources */,
				88957D4416E5548000ADDC8A /* GOTUserStore.m in Sources */,
				88957D5216E6C2FE00ADDC8A /* GOTMutableURLPostRequest.m in Sources */,
				8828071216E935EC00C13F61 /* GOTEmailUpdateViewController.m in Sources */,
				8828072316E9631400C13F61 /* GOTUsernameUpdateViewController.m in Sources */,
				8828072616E9632800C13F61 /* GOTUser.m in Sources */,
				8828072916E9633E00C13F61 /* Model.xcdatamodeld in Sources */,
				8828072C16E9711F00C13F61 /* GOTConstants.m in Sources */,
				8828072F16EAACEE00C13F61 /* GOTLocationUpdateViewController.m in Sources */,
				88AD62B91700EF820091E80E /* GOTMessageFooterViewBuilder.m in Sources */,
				88AD62BC17026D020091E80E /* GOTItemCell.m in Sources */,
				88AD62CB1703A9590091E80E /* GOTItemState.m in Sources */,
				88AD62DE170B87260091E80E /* GOTActiveUser.m in Sources */,
				88AD62E2170CD1390091E80E /* JSONUtil.m in Sources */,
				88AD62E7170E1F430091E80E /* GOTWelcomeViewController.m in Sources */,
				889B08E41713511B001901B1 /* GOTSendMessageViewController.m in Sources */,
				8897647117456CD3008B5CDB /* GOTShareViewController.m in Sources */,
			);
			runOnlyForDeploymentPostprocessing = 0;
		};
/* End PBXSourcesBuildPhase section */

/* Begin PBXVariantGroup section */
		88F2BCCD16CC39F5003C9D90 /* InfoPlist.strings */ = {
			isa = PBXVariantGroup;
			children = (
				88F2BCCE16CC39F5003C9D90 /* en */,
			);
			name = InfoPlist.strings;
			sourceTree = "<group>";
		};
/* End PBXVariantGroup section */

/* Begin XCBuildConfiguration section */
		88F2BCDC16CC39F5003C9D90 /* Debug */ = {
			isa = XCBuildConfiguration;
			baseConfigurationReference = 88976458173C6922008B5CDB /* HockeySDK.xcconfig */;
			buildSettings = {
				ALWAYS_SEARCH_USER_PATHS = NO;
				CLANG_CXX_LANGUAGE_STANDARD = "gnu++0x";
				CLANG_CXX_LIBRARY = "libc++";
				CLANG_ENABLE_OBJC_ARC = YES;
				CLANG_WARN_CONSTANT_CONVERSION = YES;
				CLANG_WARN_EMPTY_BODY = YES;
				CLANG_WARN_ENUM_CONVERSION = YES;
				CLANG_WARN_INT_CONVERSION = YES;
				CLANG_WARN__DUPLICATE_METHOD_MATCH = YES;
				"CODE_SIGN_IDENTITY[sdk=iphoneos*]" = "iPhone Developer";
				COPY_PHASE_STRIP = NO;
				GCC_C_LANGUAGE_STANDARD = gnu99;
				GCC_DYNAMIC_NO_PIC = NO;
				GCC_OPTIMIZATION_LEVEL = 0;
				GCC_PREPROCESSOR_DEFINITIONS = (
					"DEBUG=1",
					"$(inherited)",
				);
				GCC_SYMBOLS_PRIVATE_EXTERN = NO;
				GCC_WARN_ABOUT_RETURN_TYPE = YES;
				GCC_WARN_UNINITIALIZED_AUTOS = YES;
				GCC_WARN_UNUSED_VARIABLE = YES;
				IPHONEOS_DEPLOYMENT_TARGET = 6.1;
				ONLY_ACTIVE_ARCH = YES;
				SDKROOT = iphoneos;
			};
			name = Debug;
		};
		88F2BCDD16CC39F5003C9D90 /* Release */ = {
			isa = XCBuildConfiguration;
			baseConfigurationReference = 88976458173C6922008B5CDB /* HockeySDK.xcconfig */;
			buildSettings = {
				ALWAYS_SEARCH_USER_PATHS = NO;
				CLANG_CXX_LANGUAGE_STANDARD = "gnu++0x";
				CLANG_CXX_LIBRARY = "libc++";
				CLANG_ENABLE_OBJC_ARC = YES;
				CLANG_WARN_CONSTANT_CONVERSION = YES;
				CLANG_WARN_EMPTY_BODY = YES;
				CLANG_WARN_ENUM_CONVERSION = YES;
				CLANG_WARN_INT_CONVERSION = YES;
				CLANG_WARN__DUPLICATE_METHOD_MATCH = YES;
				"CODE_SIGN_IDENTITY[sdk=iphoneos*]" = "iPhone Developer";
				COPY_PHASE_STRIP = YES;
				GCC_C_LANGUAGE_STANDARD = gnu99;
				GCC_WARN_ABOUT_RETURN_TYPE = YES;
				GCC_WARN_UNINITIALIZED_AUTOS = YES;
				GCC_WARN_UNUSED_VARIABLE = YES;
				IPHONEOS_DEPLOYMENT_TARGET = 6.1;
				OTHER_CFLAGS = "-DNS_BLOCK_ASSERTIONS=1";
				SDKROOT = iphoneos;
				VALIDATE_PRODUCT = YES;
			};
			name = Release;
		};
		88F2BCDF16CC39F5003C9D90 /* Debug */ = {
			isa = XCBuildConfiguration;
			baseConfigurationReference = 88976458173C6922008B5CDB /* HockeySDK.xcconfig */;
			buildSettings = {
				FRAMEWORK_SEARCH_PATHS = (
					"$(inherited)",
					"\"$(SRCROOT)/../Documents/FacebookSDK\"",
					"\"$(SRCROOT)/GiveOrTake/Vendor\"",
				);
				GCC_PRECOMPILE_PREFIX_HEADER = YES;
				GCC_PREFIX_HEADER = "GiveOrTake/GiveOrTake-Prefix.pch";
				INFOPLIST_FILE = "GiveOrTake/GiveOrTake-Info.plist";
				OTHER_LDFLAGS = (
					"-lsqlite3.0",
					"-ObjC",
				);
				PRODUCT_NAME = "$(TARGET_NAME)";
				WRAPPER_EXTENSION = app;
			};
			name = Debug;
		};
		88F2BCE016CC39F5003C9D90 /* Release */ = {
			isa = XCBuildConfiguration;
			baseConfigurationReference = 88976458173C6922008B5CDB /* HockeySDK.xcconfig */;
			buildSettings = {
				FRAMEWORK_SEARCH_PATHS = (
					"$(inherited)",
					"\"$(SRCROOT)/../Documents/FacebookSDK\"",
					"\"$(SRCROOT)/GiveOrTake/Vendor\"",
				);
				GCC_PRECOMPILE_PREFIX_HEADER = YES;
				GCC_PREFIX_HEADER = "GiveOrTake/GiveOrTake-Prefix.pch";
				INFOPLIST_FILE = "GiveOrTake/GiveOrTake-Info.plist";
				OTHER_LDFLAGS = (
					"-lsqlite3.0",
					"-ObjC",
				);
				PRODUCT_NAME = "$(TARGET_NAME)";
				WRAPPER_EXTENSION = app;
			};
			name = Release;
		};
/* End XCBuildConfiguration section */

/* Begin XCConfigurationList section */
		88F2BCBC16CC39F5003C9D90 /* Build configuration list for PBXProject "GiveOrTake" */ = {
			isa = XCConfigurationList;
			buildConfigurations = (
				88F2BCDC16CC39F5003C9D90 /* Debug */,
				88F2BCDD16CC39F5003C9D90 /* Release */,
			);
			defaultConfigurationIsVisible = 0;
			defaultConfigurationName = Release;
		};
		88F2BCDE16CC39F5003C9D90 /* Build configuration list for PBXNativeTarget "GiveOrTake" */ = {
			isa = XCConfigurationList;
			buildConfigurations = (
				88F2BCDF16CC39F5003C9D90 /* Debug */,
				88F2BCE016CC39F5003C9D90 /* Release */,
			);
			defaultConfigurationIsVisible = 0;
			defaultConfigurationName = Release;
		};
/* End XCConfigurationList section */

/* Begin XCVersionGroup section */
		8828072716E9633E00C13F61 /* Model.xcdatamodeld */ = {
			isa = XCVersionGroup;
			children = (
				8828072816E9633E00C13F61 /* Model.xcdatamodel */,
			);
			currentVersion = 8828072816E9633E00C13F61 /* Model.xcdatamodel */;
			path = Model.xcdatamodeld;
			sourceTree = "<group>";
			versionGroupType = wrapper.xcdatamodel;
		};
/* End XCVersionGroup section */
	};
	rootObject = 88F2BCB916CC39F5003C9D90 /* Project object */;
}
