// !$*UTF8*$!
{
	archiveVersion = 1;
	classes = {
	};
	objectVersion = 46;
	objects = {

/* Begin PBXBuildFile section */
		8894FD1416D16451006955F6 /* GOTOffersViewController.xib in Resources */ = {isa = PBXBuildFile; fileRef = 8894FD1316D16451006955F6 /* GOTOffersViewController.xib */; };
		8894FD1C16D16CF2006955F6 /* GOTEditItemViewController.m in Sources */ = {isa = PBXBuildFile; fileRef = 8894FD1B16D16CF2006955F6 /* GOTEditItemViewController.m */; };
		8894FD2716D5880D006955F6 /* FilterItemSettingsStoryboard.storyboard in Resources */ = {isa = PBXBuildFile; fileRef = 8894FD2616D5880D006955F6 /* FilterItemSettingsStoryboard.storyboard */; };
		8894FD2A16D5893D006955F6 /* FilterItemSettingsViewController.m in Sources */ = {isa = PBXBuildFile; fileRef = 8894FD2916D5893D006955F6 /* FilterItemSettingsViewController.m */; };
		8894FD2D16D5995E006955F6 /* GOTSettings.m in Sources */ = {isa = PBXBuildFile; fileRef = 8894FD2C16D5995E006955F6 /* GOTSettings.m */; };
		8894FD2F16D6EE49006955F6 /* GOTEditItemViewController.xib in Resources */ = {isa = PBXBuildFile; fileRef = 8894FD2E16D6EE49006955F6 /* GOTEditItemViewController.xib */; };
		8894FD3216D7F04F006955F6 /* GOTFreeItemDetailViewController.m in Sources */ = {isa = PBXBuildFile; fileRef = 8894FD3116D7F04F006955F6 /* GOTFreeItemDetailViewController.m */; };
		8894FD3416D7F0BF006955F6 /* GOTFreeItemDetailViewController.xib in Resources */ = {isa = PBXBuildFile; fileRef = 8894FD3316D7F0BF006955F6 /* GOTFreeItemDetailViewController.xib */; };
		8894FD3716D828B3006955F6 /* GOTScrollItemsViewController.m in Sources */ = {isa = PBXBuildFile; fileRef = 8894FD3616D828B2006955F6 /* GOTScrollItemsViewController.m */; };
		88F2BCC516CC39F5003C9D90 /* UIKit.framework in Frameworks */ = {isa = PBXBuildFile; fileRef = 88F2BCC416CC39F5003C9D90 /* UIKit.framework */; };
		88F2BCC716CC39F5003C9D90 /* Foundation.framework in Frameworks */ = {isa = PBXBuildFile; fileRef = 88F2BCC616CC39F5003C9D90 /* Foundation.framework */; };
		88F2BCC916CC39F5003C9D90 /* CoreGraphics.framework in Frameworks */ = {isa = PBXBuildFile; fileRef = 88F2BCC816CC39F5003C9D90 /* CoreGraphics.framework */; };
		88F2BCCF16CC39F5003C9D90 /* InfoPlist.strings in Resources */ = {isa = PBXBuildFile; fileRef = 88F2BCCD16CC39F5003C9D90 /* InfoPlist.strings */; };
		88F2BCD116CC39F5003C9D90 /* main.m in Sources */ = {isa = PBXBuildFile; fileRef = 88F2BCD016CC39F5003C9D90 /* main.m */; };
		88F2BCD516CC39F5003C9D90 /* GOTAppDelegate.m in Sources */ = {isa = PBXBuildFile; fileRef = 88F2BCD416CC39F5003C9D90 /* GOTAppDelegate.m */; };
		88F2BCD716CC39F5003C9D90 /* Default.png in Resources */ = {isa = PBXBuildFile; fileRef = 88F2BCD616CC39F5003C9D90 /* Default.png */; };
		88F2BCD916CC39F5003C9D90 /* Default@2x.png in Resources */ = {isa = PBXBuildFile; fileRef = 88F2BCD816CC39F5003C9D90 /* Default@2x.png */; };
		88F2BCDB16CC39F5003C9D90 /* Default-568h@2x.png in Resources */ = {isa = PBXBuildFile; fileRef = 88F2BCDA16CC39F5003C9D90 /* Default-568h@2x.png */; };
		88F2BCE316CC3AA4003C9D90 /* GOTItem.m in Sources */ = {isa = PBXBuildFile; fileRef = 88F2BCE216CC3AA4003C9D90 /* GOTItem.m */; };
		88F2BCE516CC3B62003C9D90 /* CoreLocation.framework in Frameworks */ = {isa = PBXBuildFile; fileRef = 88F2BCE416CC3B62003C9D90 /* CoreLocation.framework */; };
		88F2BCE716CC3EBA003C9D90 /* MapKit.framework in Frameworks */ = {isa = PBXBuildFile; fileRef = 88F2BCE616CC3EBA003C9D90 /* MapKit.framework */; };
		88F2BCEA16CC40CE003C9D90 /* GOTItemsViewController.m in Sources */ = {isa = PBXBuildFile; fileRef = 88F2BCE916CC40CE003C9D90 /* GOTItemsViewController.m */; };
		88F2BCEC16CC4147003C9D90 /* GOTItemsViewController.xib in Resources */ = {isa = PBXBuildFile; fileRef = 88F2BCEB16CC4147003C9D90 /* GOTItemsViewController.xib */; };
		88F2BCEF16CC4FB7003C9D90 /* GOTItemsStore.m in Sources */ = {isa = PBXBuildFile; fileRef = 88F2BCEE16CC4FB7003C9D90 /* GOTItemsStore.m */; };
		88FDE40716CF3E0A008C6519 /* GOTToolbarViewController.m in Sources */ = {isa = PBXBuildFile; fileRef = 88FDE40616CF3E0A008C6519 /* GOTToolbarViewController.m */; };
		88FDE40A16CF45D5008C6519 /* GOTProfileViewController.m in Sources */ = {isa = PBXBuildFile; fileRef = 88FDE40916CF45D5008C6519 /* GOTProfileViewController.m */; };
		88FDE40D16CF474E008C6519 /* GOTOffersViewController.m in Sources */ = {isa = PBXBuildFile; fileRef = 88FDE40C16CF474E008C6519 /* GOTOffersViewController.m */; };
/* End PBXBuildFile section */

/* Begin PBXFileReference section */
		8894FD1316D16451006955F6 /* GOTOffersViewController.xib */ = {isa = PBXFileReference; fileEncoding = 4; lastKnownFileType = file.xib; path = GOTOffersViewController.xib; sourceTree = "<group>"; };
		8894FD1A16D16CF2006955F6 /* GOTEditItemViewController.h */ = {isa = PBXFileReference; fileEncoding = 4; lastKnownFileType = sourcecode.c.h; path = GOTEditItemViewController.h; sourceTree = "<group>"; };
		8894FD1B16D16CF2006955F6 /* GOTEditItemViewController.m */ = {isa = PBXFileReference; fileEncoding = 4; lastKnownFileType = sourcecode.c.objc; path = GOTEditItemViewController.m; sourceTree = "<group>"; };
		8894FD2616D5880D006955F6 /* FilterItemSettingsStoryboard.storyboard */ = {isa = PBXFileReference; fileEncoding = 4; lastKnownFileType = file.storyboard; path = FilterItemSettingsStoryboard.storyboard; sourceTree = "<group>"; };
		8894FD2816D5893C006955F6 /* FilterItemSettingsViewController.h */ = {isa = PBXFileReference; fileEncoding = 4; lastKnownFileType = sourcecode.c.h; path = FilterItemSettingsViewController.h; sourceTree = "<group>"; };
		8894FD2916D5893D006955F6 /* FilterItemSettingsViewController.m */ = {isa = PBXFileReference; fileEncoding = 4; lastKnownFileType = sourcecode.c.objc; path = FilterItemSettingsViewController.m; sourceTree = "<group>"; };
		8894FD2B16D5995E006955F6 /* GOTSettings.h */ = {isa = PBXFileReference; fileEncoding = 4; lastKnownFileType = sourcecode.c.h; path = GOTSettings.h; sourceTree = "<group>"; };
		8894FD2C16D5995E006955F6 /* GOTSettings.m */ = {isa = PBXFileReference; fileEncoding = 4; lastKnownFileType = sourcecode.c.objc; path = GOTSettings.m; sourceTree = "<group>"; };
		8894FD2E16D6EE49006955F6 /* GOTEditItemViewController.xib */ = {isa = PBXFileReference; fileEncoding = 4; lastKnownFileType = file.xib; path = GOTEditItemViewController.xib; sourceTree = "<group>"; };
		8894FD3016D7F04F006955F6 /* GOTFreeItemDetailViewController.h */ = {isa = PBXFileReference; fileEncoding = 4; lastKnownFileType = sourcecode.c.h; path = GOTFreeItemDetailViewController.h; sourceTree = "<group>"; };
		8894FD3116D7F04F006955F6 /* GOTFreeItemDetailViewController.m */ = {isa = PBXFileReference; fileEncoding = 4; lastKnownFileType = sourcecode.c.objc; path = GOTFreeItemDetailViewController.m; sourceTree = "<group>"; };
		8894FD3316D7F0BF006955F6 /* GOTFreeItemDetailViewController.xib */ = {isa = PBXFileReference; fileEncoding = 4; lastKnownFileType = file.xib; path = GOTFreeItemDetailViewController.xib; sourceTree = "<group>"; };
		8894FD3516D828B2006955F6 /* GOTScrollItemsViewController.h */ = {isa = PBXFileReference; fileEncoding = 4; lastKnownFileType = sourcecode.c.h; path = GOTScrollItemsViewController.h; sourceTree = "<group>"; };
		8894FD3616D828B2006955F6 /* GOTScrollItemsViewController.m */ = {isa = PBXFileReference; fileEncoding = 4; lastKnownFileType = sourcecode.c.objc; path = GOTScrollItemsViewController.m; sourceTree = "<group>"; };
		88F2BCC116CC39F5003C9D90 /* GiveOrTake.app */ = {isa = PBXFileReference; explicitFileType = wrapper.application; includeInIndex = 0; path = GiveOrTake.app; sourceTree = BUILT_PRODUCTS_DIR; };
		88F2BCC416CC39F5003C9D90 /* UIKit.framework */ = {isa = PBXFileReference; lastKnownFileType = wrapper.framework; name = UIKit.framework; path = System/Library/Frameworks/UIKit.framework; sourceTree = SDKROOT; };
		88F2BCC616CC39F5003C9D90 /* Foundation.framework */ = {isa = PBXFileReference; lastKnownFileType = wrapper.framework; name = Foundation.framework; path = System/Library/Frameworks/Foundation.framework; sourceTree = SDKROOT; };
		88F2BCC816CC39F5003C9D90 /* CoreGraphics.framework */ = {isa = PBXFileReference; lastKnownFileType = wrapper.framework; name = CoreGraphics.framework; path = System/Library/Frameworks/CoreGraphics.framework; sourceTree = SDKROOT; };
		88F2BCCC16CC39F5003C9D90 /* GiveOrTake-Info.plist */ = {isa = PBXFileReference; lastKnownFileType = text.plist.xml; path = "GiveOrTake-Info.plist"; sourceTree = "<group>"; };
		88F2BCCE16CC39F5003C9D90 /* en */ = {isa = PBXFileReference; lastKnownFileType = text.plist.strings; name = en; path = en.lproj/InfoPlist.strings; sourceTree = "<group>"; };
		88F2BCD016CC39F5003C9D90 /* main.m */ = {isa = PBXFileReference; lastKnownFileType = sourcecode.c.objc; path = main.m; sourceTree = "<group>"; };
		88F2BCD216CC39F5003C9D90 /* GiveOrTake-Prefix.pch */ = {isa = PBXFileReference; lastKnownFileType = sourcecode.c.h; path = "GiveOrTake-Prefix.pch"; sourceTree = "<group>"; };
		88F2BCD316CC39F5003C9D90 /* GOTAppDelegate.h */ = {isa = PBXFileReference; lastKnownFileType = sourcecode.c.h; path = GOTAppDelegate.h; sourceTree = "<group>"; };
		88F2BCD416CC39F5003C9D90 /* GOTAppDelegate.m */ = {isa = PBXFileReference; lastKnownFileType = sourcecode.c.objc; path = GOTAppDelegate.m; sourceTree = "<group>"; };
		88F2BCD616CC39F5003C9D90 /* Default.png */ = {isa = PBXFileReference; lastKnownFileType = image.png; path = Default.png; sourceTree = "<group>"; };
		88F2BCD816CC39F5003C9D90 /* Default@2x.png */ = {isa = PBXFileReference; lastKnownFileType = image.png; path = "Default@2x.png"; sourceTree = "<group>"; };
		88F2BCDA16CC39F5003C9D90 /* Default-568h@2x.png */ = {isa = PBXFileReference; lastKnownFileType = image.png; path = "Default-568h@2x.png"; sourceTree = "<group>"; };
		88F2BCE116CC3AA4003C9D90 /* GOTItem.h */ = {isa = PBXFileReference; fileEncoding = 4; lastKnownFileType = sourcecode.c.h; path = GOTItem.h; sourceTree = "<group>"; };
		88F2BCE216CC3AA4003C9D90 /* GOTItem.m */ = {isa = PBXFileReference; fileEncoding = 4; lastKnownFileType = sourcecode.c.objc; path = GOTItem.m; sourceTree = "<group>"; };
		88F2BCE416CC3B62003C9D90 /* CoreLocation.framework */ = {isa = PBXFileReference; lastKnownFileType = wrapper.framework; name = CoreLocation.framework; path = System/Library/Frameworks/CoreLocation.framework; sourceTree = SDKROOT; };
		88F2BCE616CC3EBA003C9D90 /* MapKit.framework */ = {isa = PBXFileReference; lastKnownFileType = wrapper.framework; name = MapKit.framework; path = System/Library/Frameworks/MapKit.framework; sourceTree = SDKROOT; };
		88F2BCE816CC40CE003C9D90 /* GOTItemsViewController.h */ = {isa = PBXFileReference; fileEncoding = 4; lastKnownFileType = sourcecode.c.h; path = GOTItemsViewController.h; sourceTree = "<group>"; };
		88F2BCE916CC40CE003C9D90 /* GOTItemsViewController.m */ = {isa = PBXFileReference; fileEncoding = 4; lastKnownFileType = sourcecode.c.objc; path = GOTItemsViewController.m; sourceTree = "<group>"; };
		88F2BCEB16CC4147003C9D90 /* GOTItemsViewController.xib */ = {isa = PBXFileReference; fileEncoding = 4; lastKnownFileType = file.xib; path = GOTItemsViewController.xib; sourceTree = "<group>"; };
		88F2BCED16CC4FB7003C9D90 /* GOTItemsStore.h */ = {isa = PBXFileReference; fileEncoding = 4; lastKnownFileType = sourcecode.c.h; path = GOTItemsStore.h; sourceTree = "<group>"; };
		88F2BCEE16CC4FB7003C9D90 /* GOTItemsStore.m */ = {isa = PBXFileReference; fileEncoding = 4; lastKnownFileType = sourcecode.c.objc; path = GOTItemsStore.m; sourceTree = "<group>"; };
		88FDE40516CF3E0A008C6519 /* GOTToolbarViewController.h */ = {isa = PBXFileReference; fileEncoding = 4; lastKnownFileType = sourcecode.c.h; path = GOTToolbarViewController.h; sourceTree = "<group>"; };
		88FDE40616CF3E0A008C6519 /* GOTToolbarViewController.m */ = {isa = PBXFileReference; fileEncoding = 4; lastKnownFileType = sourcecode.c.objc; path = GOTToolbarViewController.m; sourceTree = "<group>"; };
		88FDE40816CF45D5008C6519 /* GOTProfileViewController.h */ = {isa = PBXFileReference; fileEncoding = 4; lastKnownFileType = sourcecode.c.h; path = GOTProfileViewController.h; sourceTree = "<group>"; };
		88FDE40916CF45D5008C6519 /* GOTProfileViewController.m */ = {isa = PBXFileReference; fileEncoding = 4; lastKnownFileType = sourcecode.c.objc; path = GOTProfileViewController.m; sourceTree = "<group>"; };
		88FDE40B16CF474E008C6519 /* GOTOffersViewController.h */ = {isa = PBXFileReference; fileEncoding = 4; lastKnownFileType = sourcecode.c.h; path = GOTOffersViewController.h; sourceTree = "<group>"; };
		88FDE40C16CF474E008C6519 /* GOTOffersViewController.m */ = {isa = PBXFileReference; fileEncoding = 4; lastKnownFileType = sourcecode.c.objc; path = GOTOffersViewController.m; sourceTree = "<group>"; };
/* End PBXFileReference section */

/* Begin PBXFrameworksBuildPhase section */
		88F2BCBE16CC39F5003C9D90 /* Frameworks */ = {
			isa = PBXFrameworksBuildPhase;
			buildActionMask = 2147483647;
			files = (
				88F2BCE716CC3EBA003C9D90 /* MapKit.framework in Frameworks */,
				88F2BCE516CC3B62003C9D90 /* CoreLocation.framework in Frameworks */,
				88F2BCC516CC39F5003C9D90 /* UIKit.framework in Frameworks */,
				88F2BCC716CC39F5003C9D90 /* Foundation.framework in Frameworks */,
				88F2BCC916CC39F5003C9D90 /* CoreGraphics.framework in Frameworks */,
			);
			runOnlyForDeploymentPostprocessing = 0;
		};
/* End PBXFrameworksBuildPhase section */

/* Begin PBXGroup section */
		88F2BCB816CC39F5003C9D90 = {
			isa = PBXGroup;
			children = (
				88F2BCCA16CC39F5003C9D90 /* GiveOrTake */,
				88F2BCC316CC39F5003C9D90 /* Frameworks */,
				88F2BCC216CC39F5003C9D90 /* Products */,
			);
			sourceTree = "<group>";
		};
		88F2BCC216CC39F5003C9D90 /* Products */ = {
			isa = PBXGroup;
			children = (
				88F2BCC116CC39F5003C9D90 /* GiveOrTake.app */,
			);
			name = Products;
			sourceTree = "<group>";
		};
		88F2BCC316CC39F5003C9D90 /* Frameworks */ = {
			isa = PBXGroup;
			children = (
				88F2BCE616CC3EBA003C9D90 /* MapKit.framework */,
				88F2BCE416CC3B62003C9D90 /* CoreLocation.framework */,
				88F2BCC416CC39F5003C9D90 /* UIKit.framework */,
				88F2BCC616CC39F5003C9D90 /* Foundation.framework */,
				88F2BCC816CC39F5003C9D90 /* CoreGraphics.framework */,
			);
			name = Frameworks;
			sourceTree = "<group>";
		};
		88F2BCCA16CC39F5003C9D90 /* GiveOrTake */ = {
			isa = PBXGroup;
			children = (
				8894FD3516D828B2006955F6 /* GOTScrollItemsViewController.h */,
				8894FD3616D828B2006955F6 /* GOTScrollItemsViewController.m */,
				88F2BCD316CC39F5003C9D90 /* GOTAppDelegate.h */,
				88F2BCD416CC39F5003C9D90 /* GOTAppDelegate.m */,
				88F2BCE116CC3AA4003C9D90 /* GOTItem.h */,
				88F2BCE216CC3AA4003C9D90 /* GOTItem.m */,
				88F2BCE816CC40CE003C9D90 /* GOTItemsViewController.h */,
				88F2BCE916CC40CE003C9D90 /* GOTItemsViewController.m */,
				88F2BCEB16CC4147003C9D90 /* GOTItemsViewController.xib */,
				88F2BCED16CC4FB7003C9D90 /* GOTItemsStore.h */,
				88F2BCEE16CC4FB7003C9D90 /* GOTItemsStore.m */,
				88FDE40516CF3E0A008C6519 /* GOTToolbarViewController.h */,
				88FDE40616CF3E0A008C6519 /* GOTToolbarViewController.m */,
				88FDE40816CF45D5008C6519 /* GOTProfileViewController.h */,
				88FDE40916CF45D5008C6519 /* GOTProfileViewController.m */,
				88FDE40B16CF474E008C6519 /* GOTOffersViewController.h */,
				88FDE40C16CF474E008C6519 /* GOTOffersViewController.m */,
				8894FD1316D16451006955F6 /* GOTOffersViewController.xib */,
				8894FD1A16D16CF2006955F6 /* GOTEditItemViewController.h */,
				8894FD1B16D16CF2006955F6 /* GOTEditItemViewController.m */,
				8894FD2E16D6EE49006955F6 /* GOTEditItemViewController.xib */,
				88F2BCCB16CC39F5003C9D90 /* Supporting Files */,
				8894FD2616D5880D006955F6 /* FilterItemSettingsStoryboard.storyboard */,
				8894FD2816D5893C006955F6 /* FilterItemSettingsViewController.h */,
				8894FD2916D5893D006955F6 /* FilterItemSettingsViewController.m */,
				8894FD2B16D5995E006955F6 /* GOTSettings.h */,
				8894FD2C16D5995E006955F6 /* GOTSettings.m */,
				8894FD3016D7F04F006955F6 /* GOTFreeItemDetailViewController.h */,
				8894FD3116D7F04F006955F6 /* GOTFreeItemDetailViewController.m */,
				8894FD3316D7F0BF006955F6 /* GOTFreeItemDetailViewController.xib */,
			);
			path = GiveOrTake;
			sourceTree = "<group>";
		};
		88F2BCCB16CC39F5003C9D90 /* Supporting Files */ = {
			isa = PBXGroup;
			children = (
				88F2BCCC16CC39F5003C9D90 /* GiveOrTake-Info.plist */,
				88F2BCCD16CC39F5003C9D90 /* InfoPlist.strings */,
				88F2BCD016CC39F5003C9D90 /* main.m */,
				88F2BCD216CC39F5003C9D90 /* GiveOrTake-Prefix.pch */,
				88F2BCD616CC39F5003C9D90 /* Default.png */,
				88F2BCD816CC39F5003C9D90 /* Default@2x.png */,
				88F2BCDA16CC39F5003C9D90 /* Default-568h@2x.png */,
			);
			name = "Supporting Files";
			sourceTree = "<group>";
		};
/* End PBXGroup section */

/* Begin PBXNativeTarget section */
		88F2BCC016CC39F5003C9D90 /* GiveOrTake */ = {
			isa = PBXNativeTarget;
			buildConfigurationList = 88F2BCDE16CC39F5003C9D90 /* Build configuration list for PBXNativeTarget "GiveOrTake" */;
			buildPhases = (
				88F2BCBD16CC39F5003C9D90 /* Sources */,
				88F2BCBE16CC39F5003C9D90 /* Frameworks */,
				88F2BCBF16CC39F5003C9D90 /* Resources */,
			);
			buildRules = (
			);
			dependencies = (
			);
			name = GiveOrTake;
			productName = GiveOrTake;
			productReference = 88F2BCC116CC39F5003C9D90 /* GiveOrTake.app */;
			productType = "com.apple.product-type.application";
		};
/* End PBXNativeTarget section */

/* Begin PBXProject section */
		88F2BCB916CC39F5003C9D90 /* Project object */ = {
			isa = PBXProject;
			attributes = {
				CLASSPREFIX = GOT;
				LastUpgradeCheck = 0460;
				ORGANIZATIONNAME = "Nora Mullaney";
			};
			buildConfigurationList = 88F2BCBC16CC39F5003C9D90 /* Build configuration list for PBXProject "GiveOrTake" */;
			compatibilityVersion = "Xcode 3.2";
			developmentRegion = English;
			hasScannedForEncodings = 0;
			knownRegions = (
				en,
			);
			mainGroup = 88F2BCB816CC39F5003C9D90;
			productRefGroup = 88F2BCC216CC39F5003C9D90 /* Products */;
			projectDirPath = "";
			projectRoot = "";
			targets = (
				88F2BCC016CC39F5003C9D90 /* GiveOrTake */,
			);
		};
/* End PBXProject section */

/* Begin PBXResourcesBuildPhase section */
		88F2BCBF16CC39F5003C9D90 /* Resources */ = {
			isa = PBXResourcesBuildPhase;
			buildActionMask = 2147483647;
			files = (
				88F2BCCF16CC39F5003C9D90 /* InfoPlist.strings in Resources */,
				88F2BCD716CC39F5003C9D90 /* Default.png in Resources */,
				88F2BCD916CC39F5003C9D90 /* Default@2x.png in Resources */,
				88F2BCDB16CC39F5003C9D90 /* Default-568h@2x.png in Resources */,
				88F2BCEC16CC4147003C9D90 /* GOTItemsViewController.xib in Resources */,
				8894FD1416D16451006955F6 /* GOTOffersViewController.xib in Resources */,
				8894FD2716D5880D006955F6 /* FilterItemSettingsStoryboard.storyboard in Resources */,
				8894FD2F16D6EE49006955F6 /* GOTEditItemViewController.xib in Resources */,
				8894FD3416D7F0BF006955F6 /* GOTFreeItemDetailViewController.xib in Resources */,
			);
			runOnlyForDeploymentPostprocessing = 0;
		};
/* End PBXResourcesBuildPhase section */

/* Begin PBXSourcesBuildPhase section */
		88F2BCBD16CC39F5003C9D90 /* Sources */ = {
			isa = PBXSourcesBuildPhase;
			buildActionMask = 2147483647;
			files = (
				88F2BCD116CC39F5003C9D90 /* main.m in Sources */,
				88F2BCD516CC39F5003C9D90 /* GOTAppDelegate.m in Sources */,
				88F2BCE316CC3AA4003C9D90 /* GOTItem.m in Sources */,
				88F2BCEA16CC40CE003C9D90 /* GOTItemsViewController.m in Sources */,
				88F2BCEF16CC4FB7003C9D90 /* GOTItemsStore.m in Sources */,
				88FDE40716CF3E0A008C6519 /* GOTToolbarViewController.m in Sources */,
				88FDE40A16CF45D5008C6519 /* GOTProfileViewController.m in Sources */,
				88FDE40D16CF474E008C6519 /* GOTOffersViewController.m in Sources */,
				8894FD1C16D16CF2006955F6 /* GOTEditItemViewController.m in Sources */,
				8894FD2A16D5893D006955F6 /* FilterItemSettingsViewController.m in Sources */,
				8894FD2D16D5995E006955F6 /* GOTSettings.m in Sources */,
				8894FD3216D7F04F006955F6 /* GOTFreeItemDetailViewController.m in Sources */,
				8894FD3716D828B3006955F6 /* GOTScrollItemsViewController.m in Sources */,
			);
			runOnlyForDeploymentPostprocessing = 0;
		};
/* End PBXSourcesBuildPhase section */

/* Begin PBXVariantGroup section */
		88F2BCCD16CC39F5003C9D90 /* InfoPlist.strings */ = {
			isa = PBXVariantGroup;
			children = (
				88F2BCCE16CC39F5003C9D90 /* en */,
			);
			name = InfoPlist.strings;
			sourceTree = "<group>";
		};
/* End PBXVariantGroup section */

/* Begin XCBuildConfiguration section */
		88F2BCDC16CC39F5003C9D90 /* Debug */ = {
			isa = XCBuildConfiguration;
			buildSettings = {
				ALWAYS_SEARCH_USER_PATHS = NO;
				CLANG_CXX_LANGUAGE_STANDARD = "gnu++0x";
				CLANG_CXX_LIBRARY = "libc++";
				CLANG_ENABLE_OBJC_ARC = YES;
				CLANG_WARN_CONSTANT_CONVERSION = YES;
				CLANG_WARN_EMPTY_BODY = YES;
				CLANG_WARN_ENUM_CONVERSION = YES;
				CLANG_WARN_INT_CONVERSION = YES;
				CLANG_WARN__DUPLICATE_METHOD_MATCH = YES;
				"CODE_SIGN_IDENTITY[sdk=iphoneos*]" = "iPhone Developer";
				COPY_PHASE_STRIP = NO;
				GCC_C_LANGUAGE_STANDARD = gnu99;
				GCC_DYNAMIC_NO_PIC = NO;
				GCC_OPTIMIZATION_LEVEL = 0;
				GCC_PREPROCESSOR_DEFINITIONS = (
					"DEBUG=1",
					"$(inherited)",
				);
				GCC_SYMBOLS_PRIVATE_EXTERN = NO;
				GCC_WARN_ABOUT_RETURN_TYPE = YES;
				GCC_WARN_UNINITIALIZED_AUTOS = YES;
				GCC_WARN_UNUSED_VARIABLE = YES;
				IPHONEOS_DEPLOYMENT_TARGET = 6.1;
				ONLY_ACTIVE_ARCH = YES;
				SDKROOT = iphoneos;
			};
			name = Debug;
		};
		88F2BCDD16CC39F5003C9D90 /* Release */ = {
			isa = XCBuildConfiguration;
			buildSettings = {
				ALWAYS_SEARCH_USER_PATHS = NO;
				CLANG_CXX_LANGUAGE_STANDARD = "gnu++0x";
				CLANG_CXX_LIBRARY = "libc++";
				CLANG_ENABLE_OBJC_ARC = YES;
				CLANG_WARN_CONSTANT_CONVERSION = YES;
				CLANG_WARN_EMPTY_BODY = YES;
				CLANG_WARN_ENUM_CONVERSION = YES;
				CLANG_WARN_INT_CONVERSION = YES;
				CLANG_WARN__DUPLICATE_METHOD_MATCH = YES;
				"CODE_SIGN_IDENTITY[sdk=iphoneos*]" = "iPhone Developer";
				COPY_PHASE_STRIP = YES;
				GCC_C_LANGUAGE_STANDARD = gnu99;
				GCC_WARN_ABOUT_RETURN_TYPE = YES;
				GCC_WARN_UNINITIALIZED_AUTOS = YES;
				GCC_WARN_UNUSED_VARIABLE = YES;
				IPHONEOS_DEPLOYMENT_TARGET = 6.1;
				OTHER_CFLAGS = "-DNS_BLOCK_ASSERTIONS=1";
				SDKROOT = iphoneos;
				VALIDATE_PRODUCT = YES;
			};
			name = Release;
		};
		88F2BCDF16CC39F5003C9D90 /* Debug */ = {
			isa = XCBuildConfiguration;
			buildSettings = {
				GCC_PRECOMPILE_PREFIX_HEADER = YES;
				GCC_PREFIX_HEADER = "GiveOrTake/GiveOrTake-Prefix.pch";
				INFOPLIST_FILE = "GiveOrTake/GiveOrTake-Info.plist";
				PRODUCT_NAME = "$(TARGET_NAME)";
				WRAPPER_EXTENSION = app;
			};
			name = Debug;
		};
		88F2BCE016CC39F5003C9D90 /* Release */ = {
			isa = XCBuildConfiguration;
			buildSettings = {
				GCC_PRECOMPILE_PREFIX_HEADER = YES;
				GCC_PREFIX_HEADER = "GiveOrTake/GiveOrTake-Prefix.pch";
				INFOPLIST_FILE = "GiveOrTake/GiveOrTake-Info.plist";
				PRODUCT_NAME = "$(TARGET_NAME)";
				WRAPPER_EXTENSION = app;
			};
			name = Release;
		};
/* End XCBuildConfiguration section */

/* Begin XCConfigurationList section */
		88F2BCBC16CC39F5003C9D90 /* Build configuration list for PBXProject "GiveOrTake" */ = {
			isa = XCConfigurationList;
			buildConfigurations = (
				88F2BCDC16CC39F5003C9D90 /* Debug */,
				88F2BCDD16CC39F5003C9D90 /* Release */,
			);
			defaultConfigurationIsVisible = 0;
			defaultConfigurationName = Release;
		};
		88F2BCDE16CC39F5003C9D90 /* Build configuration list for PBXNativeTarget "GiveOrTake" */ = {
			isa = XCConfigurationList;
			buildConfigurations = (
				88F2BCDF16CC39F5003C9D90 /* Debug */,
				88F2BCE016CC39F5003C9D90 /* Release */,
			);
			defaultConfigurationIsVisible = 0;
			defaultConfigurationName = Release;
		};
/* End XCConfigurationList section */
	};
	rootObject = 88F2BCB916CC39F5003C9D90 /* Project object */;
}
